{
  "version": 4,
  "terraform_version": "0.14.2",
  "serial": 1437,
  "lineage": "0115f679-736e-4596-75de-d67004d1fea2",
  "outputs": {},
  "resources": [
    {
      "module": "module.toh",
      "mode": "data",
      "type": "aws_iam_policy_document",
      "name": "codebuild_toh_assume_role",
      "provider": "provider[\"registry.terraform.io/hashicorp/aws\"]",
      "instances": [
        {
          "schema_version": 0,
          "attributes": {
            "id": "442947395",
            "json": "{\n  \"Version\": \"2012-10-17\",\n  \"Statement\": [\n    {\n      \"Sid\": \"\",\n      \"Effect\": \"Allow\",\n      \"Action\": \"sts:AssumeRole\",\n      \"Principal\": {\n        \"Service\": \"codebuild.amazonaws.com\"\n      }\n    }\n  ]\n}",
            "override_json": null,
            "policy_id": null,
            "source_json": null,
            "statement": [
              {
                "actions": [
                  "sts:AssumeRole"
                ],
                "condition": [],
                "effect": "Allow",
                "not_actions": [],
                "not_principals": [],
                "not_resources": [],
                "principals": [
                  {
                    "identifiers": [
                      "codebuild.amazonaws.com"
                    ],
                    "type": "Service"
                  }
                ],
                "resources": [],
                "sid": ""
              }
            ],
            "version": "2012-10-17"
          },
          "sensitive_attributes": []
        }
      ]
    },
    {
      "module": "module.toh",
      "mode": "data",
      "type": "aws_iam_policy_document",
      "name": "pipeline_assume_role",
      "provider": "provider[\"registry.terraform.io/hashicorp/aws\"]",
      "instances": [
        {
          "schema_version": 0,
          "attributes": {
            "id": "382154967",
            "json": "{\n  \"Version\": \"2012-10-17\",\n  \"Statement\": [\n    {\n      \"Sid\": \"\",\n      \"Effect\": \"Allow\",\n      \"Action\": \"sts:AssumeRole\",\n      \"Principal\": {\n        \"Service\": \"codepipeline.amazonaws.com\"\n      }\n    }\n  ]\n}",
            "override_json": null,
            "policy_id": null,
            "source_json": null,
            "statement": [
              {
                "actions": [
                  "sts:AssumeRole"
                ],
                "condition": [],
                "effect": "Allow",
                "not_actions": [],
                "not_principals": [],
                "not_resources": [],
                "principals": [
                  {
                    "identifiers": [
                      "codepipeline.amazonaws.com"
                    ],
                    "type": "Service"
                  }
                ],
                "resources": [],
                "sid": ""
              }
            ],
            "version": "2012-10-17"
          },
          "sensitive_attributes": []
        }
      ]
    },
    {
      "module": "module.toh",
      "mode": "data",
      "type": "aws_iam_policy_document",
      "name": "policies",
      "provider": "provider[\"registry.terraform.io/hashicorp/aws\"]",
      "instances": [
        {
          "schema_version": 0,
          "attributes": {
            "id": "1375621282",
            "json": "{\n  \"Version\": \"2012-10-17\",\n  \"Statement\": [\n    {\n      \"Sid\": \"\",\n      \"Effect\": \"Allow\",\n      \"Action\": [\n        \"sqs:*\",\n        \"sns:*\",\n        \"rds:*\",\n        \"iam:PassRole\",\n        \"elasticloadbalancing:*\",\n        \"elasticbeanstalk:*\",\n        \"ecs:*\",\n        \"ec2:*\",\n        \"codestar-connections:UseConnection\",\n        \"codedeploy:RegisterApplicationRevision\",\n        \"codedeploy:GetDeploymentConfig\",\n        \"codedeploy:GetDeployment\",\n        \"codedeploy:GetApplicationRevision\",\n        \"codedeploy:GetApplication\",\n        \"codedeploy:CreateDeployment\",\n        \"codebuild:StartBuildBatch\",\n        \"codebuild:StartBuild\",\n        \"codebuild:BatchGetBuilds\",\n        \"codebuild:BatchGetBuildBatches\",\n        \"cloudwatch:*\",\n        \"cloudformation:*\",\n        \"autoscaling:*\"\n      ],\n      \"Resource\": \"*\"\n    },\n    {\n      \"Sid\": \"\",\n      \"Effect\": \"Allow\",\n      \"Action\": \"s3:*\",\n      \"Resource\": [\n        \"arn:aws:s3:::devops-pipeline-bucket-1/*\",\n        \"arn:aws:s3:::devops-pipeline-bucket-1\"\n      ]\n    }\n  ]\n}",
            "override_json": null,
            "policy_id": null,
            "source_json": null,
            "statement": [
              {
                "actions": [
                  "autoscaling:*",
                  "cloudformation:*",
                  "cloudwatch:*",
                  "codebuild:BatchGetBuildBatches",
                  "codebuild:BatchGetBuilds",
                  "codebuild:StartBuild",
                  "codebuild:StartBuildBatch",
                  "codedeploy:CreateDeployment",
                  "codedeploy:GetApplication",
                  "codedeploy:GetApplicationRevision",
                  "codedeploy:GetDeployment",
                  "codedeploy:GetDeploymentConfig",
                  "codedeploy:RegisterApplicationRevision",
                  "codestar-connections:UseConnection",
                  "ec2:*",
                  "ecs:*",
                  "elasticbeanstalk:*",
                  "elasticloadbalancing:*",
                  "iam:PassRole",
                  "rds:*",
                  "sns:*",
                  "sqs:*"
                ],
                "condition": [],
                "effect": "Allow",
                "not_actions": [],
                "not_principals": [],
                "not_resources": [],
                "principals": [],
                "resources": [
                  "*"
                ],
                "sid": ""
              },
              {
                "actions": [
                  "s3:*"
                ],
                "condition": [],
                "effect": "Allow",
                "not_actions": [],
                "not_principals": [],
                "not_resources": [],
                "principals": [],
                "resources": [
                  "arn:aws:s3:::devops-pipeline-bucket-1",
                  "arn:aws:s3:::devops-pipeline-bucket-1/*"
                ],
                "sid": ""
              }
            ],
            "version": "2012-10-17"
          },
          "sensitive_attributes": []
        }
      ]
    },
    {
      "module": "module.toh",
      "mode": "data",
      "type": "aws_iam_policy_document",
      "name": "policies_toh_backend",
      "provider": "provider[\"registry.terraform.io/hashicorp/aws\"]",
      "instances": [
        {
          "schema_version": 0,
          "attributes": {
            "id": "4212705460",
            "json": "{\n  \"Version\": \"2012-10-17\",\n  \"Statement\": [\n    {\n      \"Sid\": \"\",\n      \"Effect\": \"Allow\",\n      \"Action\": [\n        \"logs:PutLogEvents\",\n        \"logs:CreateLogStream\",\n        \"logs:CreateLogGroup\",\n        \"ecr:UploadLayerPart\",\n        \"ecr:PutImage\",\n        \"ecr:ListImages\",\n        \"ecr:InitiateLayerUpload\",\n        \"ecr:GetDownloadUrlForLayer\",\n        \"ecr:GetAuthorizationToken\",\n        \"ecr:DescribeRepositories\",\n        \"ecr:DescribeImages\",\n        \"ecr:CompleteLayerUpload\",\n        \"ecr:BatchGetImage\",\n        \"ecr:BatchCheckLayerAvailability\",\n        \"codebuild:Updatereport\",\n        \"codebuild:CreateReportGroup\",\n        \"codebuild:CreateReport\",\n        \"codebuild:BatchPutTestCases\",\n        \"codebuild:BatchPutCodeCoverages\"\n      ],\n      \"Resource\": \"*\"\n    },\n    {\n      \"Sid\": \"\",\n      \"Effect\": \"Allow\",\n      \"Action\": [\n        \"s3:PutObject\",\n        \"s3:GetObjectVersion\",\n        \"s3:GetObject\",\n        \"s3:GetBucketLocation\",\n        \"s3:GetBucketAcl\"\n      ],\n      \"Resource\": [\n        \"arn:aws:s3:::devops-pipeline-bucket-1/*\",\n        \"arn:aws:s3:::devops-pipeline-bucket-1\"\n      ]\n    }\n  ]\n}",
            "override_json": null,
            "policy_id": null,
            "source_json": null,
            "statement": [
              {
                "actions": [
                  "codebuild:BatchPutCodeCoverages",
                  "codebuild:BatchPutTestCases",
                  "codebuild:CreateReport",
                  "codebuild:CreateReportGroup",
                  "codebuild:Updatereport",
                  "ecr:BatchCheckLayerAvailability",
                  "ecr:BatchGetImage",
                  "ecr:CompleteLayerUpload",
                  "ecr:DescribeImages",
                  "ecr:DescribeRepositories",
                  "ecr:GetAuthorizationToken",
                  "ecr:GetDownloadUrlForLayer",
                  "ecr:InitiateLayerUpload",
                  "ecr:ListImages",
                  "ecr:PutImage",
                  "ecr:UploadLayerPart",
                  "logs:CreateLogGroup",
                  "logs:CreateLogStream",
                  "logs:PutLogEvents"
                ],
                "condition": [],
                "effect": "Allow",
                "not_actions": [],
                "not_principals": [],
                "not_resources": [],
                "principals": [],
                "resources": [
                  "*"
                ],
                "sid": ""
              },
              {
                "actions": [
                  "s3:GetBucketAcl",
                  "s3:GetBucketLocation",
                  "s3:GetObject",
                  "s3:GetObjectVersion",
                  "s3:PutObject"
                ],
                "condition": [],
                "effect": "Allow",
                "not_actions": [],
                "not_principals": [],
                "not_resources": [],
                "principals": [],
                "resources": [
                  "arn:aws:s3:::devops-pipeline-bucket-1",
                  "arn:aws:s3:::devops-pipeline-bucket-1/*"
                ],
                "sid": ""
              }
            ],
            "version": "2012-10-17"
          },
          "sensitive_attributes": []
        }
      ]
    },
    {
      "module": "module.toh",
      "mode": "data",
      "type": "aws_iam_policy_document",
      "name": "policies_toh_frontend",
      "provider": "provider[\"registry.terraform.io/hashicorp/aws\"]",
      "instances": [
        {
          "schema_version": 0,
          "attributes": {
            "id": "4212705460",
            "json": "{\n  \"Version\": \"2012-10-17\",\n  \"Statement\": [\n    {\n      \"Sid\": \"\",\n      \"Effect\": \"Allow\",\n      \"Action\": [\n        \"logs:PutLogEvents\",\n        \"logs:CreateLogStream\",\n        \"logs:CreateLogGroup\",\n        \"ecr:UploadLayerPart\",\n        \"ecr:PutImage\",\n        \"ecr:ListImages\",\n        \"ecr:InitiateLayerUpload\",\n        \"ecr:GetDownloadUrlForLayer\",\n        \"ecr:GetAuthorizationToken\",\n        \"ecr:DescribeRepositories\",\n        \"ecr:DescribeImages\",\n        \"ecr:CompleteLayerUpload\",\n        \"ecr:BatchGetImage\",\n        \"ecr:BatchCheckLayerAvailability\",\n        \"codebuild:Updatereport\",\n        \"codebuild:CreateReportGroup\",\n        \"codebuild:CreateReport\",\n        \"codebuild:BatchPutTestCases\",\n        \"codebuild:BatchPutCodeCoverages\"\n      ],\n      \"Resource\": \"*\"\n    },\n    {\n      \"Sid\": \"\",\n      \"Effect\": \"Allow\",\n      \"Action\": [\n        \"s3:PutObject\",\n        \"s3:GetObjectVersion\",\n        \"s3:GetObject\",\n        \"s3:GetBucketLocation\",\n        \"s3:GetBucketAcl\"\n      ],\n      \"Resource\": [\n        \"arn:aws:s3:::devops-pipeline-bucket-1/*\",\n        \"arn:aws:s3:::devops-pipeline-bucket-1\"\n      ]\n    }\n  ]\n}",
            "override_json": null,
            "policy_id": null,
            "source_json": null,
            "statement": [
              {
                "actions": [
                  "codebuild:BatchPutCodeCoverages",
                  "codebuild:BatchPutTestCases",
                  "codebuild:CreateReport",
                  "codebuild:CreateReportGroup",
                  "codebuild:Updatereport",
                  "ecr:BatchCheckLayerAvailability",
                  "ecr:BatchGetImage",
                  "ecr:CompleteLayerUpload",
                  "ecr:DescribeImages",
                  "ecr:DescribeRepositories",
                  "ecr:GetAuthorizationToken",
                  "ecr:GetDownloadUrlForLayer",
                  "ecr:InitiateLayerUpload",
                  "ecr:ListImages",
                  "ecr:PutImage",
                  "ecr:UploadLayerPart",
                  "logs:CreateLogGroup",
                  "logs:CreateLogStream",
                  "logs:PutLogEvents"
                ],
                "condition": [],
                "effect": "Allow",
                "not_actions": [],
                "not_principals": [],
                "not_resources": [],
                "principals": [],
                "resources": [
                  "*"
                ],
                "sid": ""
              },
              {
                "actions": [
                  "s3:GetBucketAcl",
                  "s3:GetBucketLocation",
                  "s3:GetObject",
                  "s3:GetObjectVersion",
                  "s3:PutObject"
                ],
                "condition": [],
                "effect": "Allow",
                "not_actions": [],
                "not_principals": [],
                "not_resources": [],
                "principals": [],
                "resources": [
                  "arn:aws:s3:::devops-pipeline-bucket-1",
                  "arn:aws:s3:::devops-pipeline-bucket-1/*"
                ],
                "sid": ""
              }
            ],
            "version": "2012-10-17"
          },
          "sensitive_attributes": []
        }
      ]
    },
    {
      "module": "module.toh",
      "mode": "data",
      "type": "aws_iam_role",
      "name": "ecs_task_execution_role",
      "provider": "provider[\"registry.terraform.io/hashicorp/aws\"]",
      "instances": [
        {
          "schema_version": 0,
          "attributes": {
            "arn": "arn:aws:iam::120523844784:role/ecsTaskExecutionRole",
            "assume_role_policy": "{\"Version\":\"2008-10-17\",\"Statement\":[{\"Sid\":\"\",\"Effect\":\"Allow\",\"Principal\":{\"Service\":\"ecs-tasks.amazonaws.com\"},\"Action\":\"sts:AssumeRole\"}]}",
            "assume_role_policy_document": null,
            "create_date": "2020-11-22T00:11:31Z",
            "description": "",
            "id": "ecsTaskExecutionRole",
            "max_session_duration": 3600,
            "name": "ecsTaskExecutionRole",
            "path": "/",
            "permissions_boundary": "",
            "role_id": null,
            "role_name": null,
            "tags": {},
            "unique_id": "AROARYD6H5SYCBFEJO4JQ"
          },
          "sensitive_attributes": []
        }
      ]
    },
    {
      "module": "module.toh",
      "mode": "managed",
      "type": "aws_codebuild_project",
      "name": "devops_build_toh_backend",
      "provider": "provider[\"registry.terraform.io/hashicorp/aws\"]",
      "instances": [
        {
          "schema_version": 0,
          "attributes": {
            "arn": "arn:aws:codebuild:eu-west-3:120523844784:project/devops-build-toh-backend",
            "artifacts": [
              {
                "artifact_identifier": "",
                "encryption_disabled": false,
                "location": "",
                "name": "devops-build-toh-backend",
                "namespace_type": "",
                "override_artifact_name": false,
                "packaging": "NONE",
                "path": "",
                "type": "CODEPIPELINE"
              }
            ],
            "badge_enabled": false,
            "badge_url": "",
            "build_timeout": 60,
            "cache": [
              {
                "location": "",
                "modes": [],
                "type": "NO_CACHE"
              }
            ],
            "description": "Build toh backend image",
            "encryption_key": "arn:aws:kms:eu-west-3:120523844784:alias/aws/s3",
            "environment": [
              {
                "certificate": "",
                "compute_type": "BUILD_GENERAL1_SMALL",
                "environment_variable": [
                  {
                    "name": "IMAGE_REPO_NAME",
                    "type": "PLAINTEXT",
                    "value": "120523844784.dkr.ecr.eu-west-3.amazonaws.com/toh-backend"
                  },
                  {
                    "name": "IMAGE_TAG",
                    "type": "PLAINTEXT",
                    "value": "latest"
                  },
                  {
                    "name": "DB_USER",
                    "type": "PLAINTEXT",
                    "value": "toh"
                  },
                  {
                    "name": "DB_PASSWORD",
                    "type": "PLAINTEXT",
                    "value": "Poussin1!"
                  }
                ],
                "image": "aws/codebuild/standard:4.0",
                "image_pull_credentials_type": "CODEBUILD",
                "privileged_mode": true,
                "registry_credential": [],
                "type": "LINUX_CONTAINER"
              }
            ],
            "id": "arn:aws:codebuild:eu-west-3:120523844784:project/devops-build-toh-backend",
            "logs_config": [
              {
                "cloudwatch_logs": [
                  {
                    "group_name": "Devops",
                    "status": "ENABLED",
                    "stream_name": "codebuild-toh-backend"
                  }
                ],
                "s3_logs": [
                  {
                    "encryption_disabled": false,
                    "location": "",
                    "status": "DISABLED"
                  }
                ]
              }
            ],
            "name": "devops-build-toh-backend",
            "queued_timeout": 480,
            "secondary_artifacts": [],
            "secondary_sources": [],
            "service_role": "arn:aws:iam::120523844784:role/devops-codebuild-project-toh-role",
            "source": [
              {
                "auth": [],
                "buildspec": "toh-backend-buildspec.yml",
                "git_clone_depth": 0,
                "git_submodules_config": [],
                "insecure_ssl": false,
                "location": "",
                "report_build_status": false,
                "type": "CODEPIPELINE"
              }
            ],
            "source_version": "",
            "tags": {},
            "vpc_config": []
          },
          "sensitive_attributes": [],
          "private": "bnVsbA==",
          "dependencies": [
            "module.toh.aws_ecr_repository.ecr_toh_backend",
            "module.toh.aws_iam_role.devops_codebuild_project_toh_backend_role",
            "module.toh.data.aws_iam_policy_document.codebuild_toh_assume_role"
          ]
        }
      ]
    },
    {
      "module": "module.toh",
      "mode": "managed",
      "type": "aws_codebuild_project",
      "name": "devops_build_toh_frontend",
      "provider": "provider[\"registry.terraform.io/hashicorp/aws\"]",
      "instances": [
        {
          "schema_version": 0,
          "attributes": {
            "arn": "arn:aws:codebuild:eu-west-3:120523844784:project/devops-build-toh-frontend",
            "artifacts": [
              {
                "artifact_identifier": "",
                "encryption_disabled": false,
                "location": "",
                "name": "devops-build-toh-frontend",
                "namespace_type": "",
                "override_artifact_name": false,
                "packaging": "NONE",
                "path": "",
                "type": "CODEPIPELINE"
              }
            ],
            "badge_enabled": false,
            "badge_url": "",
            "build_timeout": 60,
            "cache": [
              {
                "location": "",
                "modes": [],
                "type": "NO_CACHE"
              }
            ],
            "description": "Build toh frontend images",
            "encryption_key": "arn:aws:kms:eu-west-3:120523844784:alias/aws/s3",
            "environment": [
              {
                "certificate": "",
                "compute_type": "BUILD_GENERAL1_SMALL",
                "environment_variable": [
                  {
                    "name": "IMAGE_REPO_NAME",
                    "type": "PLAINTEXT",
                    "value": "120523844784.dkr.ecr.eu-west-3.amazonaws.com/toh-frontend"
                  },
                  {
                    "name": "IMAGE_TAG",
                    "type": "PLAINTEXT",
                    "value": "latest"
                  },
                  {
                    "name": "SERVER_URL",
                    "type": "PLAINTEXT",
                    "value": "devops-lb-toh-backend-694519940.eu-west-3.elb.amazonaws.com"
                  },
                  {
                    "name": "SERVER_PORT",
                    "type": "PLAINTEXT",
                    "value": "3000"
                  }
                ],
                "image": "aws/codebuild/standard:4.0",
                "image_pull_credentials_type": "CODEBUILD",
                "privileged_mode": true,
                "registry_credential": [],
                "type": "LINUX_CONTAINER"
              }
            ],
            "id": "arn:aws:codebuild:eu-west-3:120523844784:project/devops-build-toh-frontend",
            "logs_config": [
              {
                "cloudwatch_logs": [
                  {
                    "group_name": "Devops",
                    "status": "ENABLED",
                    "stream_name": "codebuild-toh-frontend"
                  }
                ],
                "s3_logs": [
                  {
                    "encryption_disabled": false,
                    "location": "",
                    "status": "DISABLED"
                  }
                ]
              }
            ],
            "name": "devops-build-toh-frontend",
            "queued_timeout": 480,
            "secondary_artifacts": [],
            "secondary_sources": [],
            "service_role": "arn:aws:iam::120523844784:role/devops-codebuild-project-docker-role",
            "source": [
              {
                "auth": [],
                "buildspec": "toh-frontend-buildspec.yml",
                "git_clone_depth": 0,
                "git_submodules_config": [],
                "insecure_ssl": false,
                "location": "",
                "report_build_status": false,
                "type": "CODEPIPELINE"
              }
            ],
            "source_version": "",
            "tags": {},
            "vpc_config": []
          },
          "sensitive_attributes": [],
          "private": "bnVsbA==",
          "dependencies": [
            "module.toh.aws_ecr_repository.ecr_toh_frontend",
            "module.toh.aws_iam_role.devops_codebuild_project_toh_frontend_role",
            "module.toh.aws_lb.devops_lb_toh_backend",
            "module.toh.aws_security_group.devops_lb_sg_toh_backend",
            "module.toh.aws_subnet.devops_vpc_toh_subnet_1",
            "module.toh.aws_subnet.devops_vpc_toh_subnet_2",
            "module.toh.aws_vpc.devops_vpc_toh",
            "module.toh.data.aws_iam_policy_document.codebuild_toh_assume_role"
          ]
        }
      ]
    },
    {
      "module": "module.toh",
      "mode": "managed",
      "type": "aws_codepipeline",
      "name": "devops_pipeline_toh",
      "provider": "provider[\"registry.terraform.io/hashicorp/aws\"]",
      "instances": [
        {
          "schema_version": 0,
          "attributes": {
            "arn": "arn:aws:codepipeline:eu-west-3:120523844784:devops-pipeline-toh",
            "artifact_store": [
              {
                "encryption_key": [],
                "location": "devops-pipeline-bucket-1",
                "region": "",
                "type": "S3"
              }
            ],
            "id": "devops-pipeline-toh",
            "name": "devops-pipeline-toh",
            "role_arn": "arn:aws:iam::120523844784:role/devops-pipeline-iam-role-1",
            "stage": [
              {
                "action": [
                  {
                    "category": "Source",
                    "configuration": {
                      "BranchName": "main",
                      "ConnectionArn": "arn:aws:codestar-connections:eu-west-3:120523844784:connection/df4c72ac-2c1e-48f4-b15b-9bcd07b3eadf",
                      "FullRepositoryId": "Slourf/Tour-of-Heroes",
                      "OutputArtifactFormat": "CODE_ZIP"
                    },
                    "input_artifacts": null,
                    "name": "Source",
                    "namespace": "",
                    "output_artifacts": [
                      "source_output"
                    ],
                    "owner": "AWS",
                    "provider": "CodeStarSourceConnection",
                    "region": "",
                    "role_arn": "",
                    "run_order": 1,
                    "version": "1"
                  }
                ],
                "name": "Source"
              },
              {
                "action": [
                  {
                    "category": "Build",
                    "configuration": {
                      "ProjectName": "devops-build-toh-backend"
                    },
                    "input_artifacts": [
                      "source_output"
                    ],
                    "name": "BuildBackend",
                    "namespace": "",
                    "output_artifacts": [
                      "backend_build_output"
                    ],
                    "owner": "AWS",
                    "provider": "CodeBuild",
                    "region": "",
                    "role_arn": "",
                    "run_order": 1,
                    "version": "1"
                  },
                  {
                    "category": "Build",
                    "configuration": {
                      "ProjectName": "devops-build-toh-frontend"
                    },
                    "input_artifacts": [
                      "source_output"
                    ],
                    "name": "BuildFrontend",
                    "namespace": "",
                    "output_artifacts": [
                      "frontend_build_output"
                    ],
                    "owner": "AWS",
                    "provider": "CodeBuild",
                    "region": "",
                    "role_arn": "",
                    "run_order": 1,
                    "version": "1"
                  }
                ],
                "name": "Build"
              },
              {
                "action": [
                  {
                    "category": "Deploy",
                    "configuration": {
                      "ClusterName": "devops-cluster-toh",
                      "ServiceName": "devops-service-toh-backend"
                    },
                    "input_artifacts": [
                      "backend_build_output"
                    ],
                    "name": "DeployBackend",
                    "namespace": "",
                    "output_artifacts": null,
                    "owner": "AWS",
                    "provider": "ECS",
                    "region": "",
                    "role_arn": "",
                    "run_order": 1,
                    "version": "1"
                  },
                  {
                    "category": "Deploy",
                    "configuration": {
                      "ClusterName": "devops-cluster-toh",
                      "ServiceName": "devops-service-toh-frontend"
                    },
                    "input_artifacts": [
                      "frontend_build_output"
                    ],
                    "name": "DeployFrontend",
                    "namespace": "",
                    "output_artifacts": null,
                    "owner": "AWS",
                    "provider": "ECS",
                    "region": "",
                    "role_arn": "",
                    "run_order": 1,
                    "version": "1"
                  }
                ],
                "name": "Deploy"
              }
            ],
            "tags": null
          },
          "sensitive_attributes": [],
          "private": "bnVsbA==",
          "dependencies": [
            "module.toh.aws_codebuild_project.devops_build_toh_backend",
            "module.toh.aws_codebuild_project.devops_build_toh_frontend",
            "module.toh.aws_ecs_cluster.devops_cluster_toh",
            "module.toh.aws_ecs_service.devops_service_toh_backend",
            "module.toh.aws_ecs_service.devops_service_toh_frontend",
            "module.toh.aws_ecs_task_definition.toh_backend",
            "module.toh.aws_ecs_task_definition.toh_frontend",
            "module.toh.aws_iam_role.devops_pipeline_iam_role_1",
            "module.toh.aws_lb_target_group.devops_lb_tg_toh_backend",
            "module.toh.aws_lb_target_group.devops_lb_tg_toh_frontend",
            "module.toh.aws_s3_bucket.pipeline_bucket",
            "module.toh.aws_security_group.devops_service_sg_toh_backend",
            "module.toh.aws_security_group.devops_service_sg_toh_frontend",
            "module.toh.aws_subnet.devops_vpc_toh_subnet_1",
            "module.toh.aws_subnet.devops_vpc_toh_subnet_2"
          ]
        }
      ]
    },
    {
      "module": "module.toh",
      "mode": "managed",
      "type": "aws_ecr_repository",
      "name": "ecr_toh_backend",
      "provider": "provider[\"registry.terraform.io/hashicorp/aws\"]",
      "instances": [
        {
          "schema_version": 0,
          "attributes": {
            "arn": "arn:aws:ecr:eu-west-3:120523844784:repository/toh-backend",
            "id": "toh-backend",
            "image_scanning_configuration": [
              {
                "scan_on_push": true
              }
            ],
            "image_tag_mutability": "MUTABLE",
            "name": "toh-backend",
            "registry_id": "120523844784",
            "repository_url": "120523844784.dkr.ecr.eu-west-3.amazonaws.com/toh-backend",
            "tags": {},
            "timeouts": null
          },
          "sensitive_attributes": [],
          "private": "eyJlMmJmYjczMC1lY2FhLTExZTYtOGY4OC0zNDM2M2JjN2M0YzAiOnsiZGVsZXRlIjoxMjAwMDAwMDAwMDAwfX0="
        }
      ]
    },
    {
      "module": "module.toh",
      "mode": "managed",
      "type": "aws_ecr_repository",
      "name": "ecr_toh_frontend",
      "provider": "provider[\"registry.terraform.io/hashicorp/aws\"]",
      "instances": [
        {
          "schema_version": 0,
          "attributes": {
            "arn": "arn:aws:ecr:eu-west-3:120523844784:repository/toh-frontend",
            "id": "toh-frontend",
            "image_scanning_configuration": [
              {
                "scan_on_push": true
              }
            ],
            "image_tag_mutability": "MUTABLE",
            "name": "toh-frontend",
            "registry_id": "120523844784",
            "repository_url": "120523844784.dkr.ecr.eu-west-3.amazonaws.com/toh-frontend",
            "tags": {},
            "timeouts": null
          },
          "sensitive_attributes": [],
          "private": "eyJlMmJmYjczMC1lY2FhLTExZTYtOGY4OC0zNDM2M2JjN2M0YzAiOnsiZGVsZXRlIjoxMjAwMDAwMDAwMDAwfX0="
        }
      ]
    },
    {
      "module": "module.toh",
      "mode": "managed",
      "type": "aws_ecs_cluster",
      "name": "devops_cluster_toh",
      "provider": "provider[\"registry.terraform.io/hashicorp/aws\"]",
      "instances": [
        {
          "schema_version": 0,
          "attributes": {
            "arn": "arn:aws:ecs:eu-west-3:120523844784:cluster/devops-cluster-toh",
            "capacity_providers": [
              "FARGATE"
            ],
            "default_capacity_provider_strategy": [],
            "id": "arn:aws:ecs:eu-west-3:120523844784:cluster/devops-cluster-toh",
            "name": "devops-cluster-toh",
            "setting": [
              {
                "name": "containerInsights",
                "value": "disabled"
              }
            ],
            "tags": {}
          },
          "sensitive_attributes": [],
          "private": "bnVsbA=="
        }
      ]
    },
    {
      "module": "module.toh",
      "mode": "managed",
      "type": "aws_ecs_service",
      "name": "devops_service_toh_backend",
      "provider": "provider[\"registry.terraform.io/hashicorp/aws\"]",
      "instances": [
        {
          "schema_version": 0,
          "attributes": {
            "capacity_provider_strategy": [],
            "cluster": "arn:aws:ecs:eu-west-3:120523844784:cluster/devops-cluster-toh",
            "deployment_controller": [
              {
                "type": "ECS"
              }
            ],
            "deployment_maximum_percent": 100,
            "deployment_minimum_healthy_percent": 0,
            "desired_count": 2,
            "enable_ecs_managed_tags": false,
            "force_new_deployment": null,
            "health_check_grace_period_seconds": 0,
            "iam_role": "aws-service-role",
            "id": "arn:aws:ecs:eu-west-3:120523844784:service/devops-cluster-toh/devops-service-toh-backend",
            "launch_type": "FARGATE",
            "load_balancer": [
              {
                "container_name": "toh-backend",
                "container_port": 3000,
                "elb_name": "",
                "target_group_arn": "arn:aws:elasticloadbalancing:eu-west-3:120523844784:targetgroup/devops-lb-tg-toh-backend/d6180f1d6f3cebea"
              }
            ],
            "name": "devops-service-toh-backend",
            "network_configuration": [
              {
                "assign_public_ip": true,
                "security_groups": [
                  "sg-0921aeda7f5516cb8"
                ],
                "subnets": [
                  "subnet-069134a647ad41289",
                  "subnet-0f4dfdfcce7752bdc"
                ]
              }
            ],
            "ordered_placement_strategy": [],
            "placement_constraints": [],
            "placement_strategy": [],
            "platform_version": "LATEST",
            "propagate_tags": "NONE",
            "scheduling_strategy": "REPLICA",
            "service_registries": [],
            "tags": null,
            "task_definition": "toh-backend:37",
            "timeouts": null
          },
          "sensitive_attributes": [],
          "private": "eyJlMmJmYjczMC1lY2FhLTExZTYtOGY4OC0zNDM2M2JjN2M0YzAiOnsiZGVsZXRlIjoxMjAwMDAwMDAwMDAwfX0=",
          "dependencies": [
            "module.toh.aws_ecs_cluster.devops_cluster_toh",
            "module.toh.aws_ecs_task_definition.toh_backend",
            "module.toh.aws_lb_target_group.devops_lb_tg_toh_backend",
            "module.toh.aws_security_group.devops_service_sg_toh_backend",
            "module.toh.aws_subnet.devops_vpc_toh_subnet_1",
            "module.toh.aws_subnet.devops_vpc_toh_subnet_2"
          ]
        }
      ]
    },
    {
      "module": "module.toh",
      "mode": "managed",
      "type": "aws_ecs_service",
      "name": "devops_service_toh_frontend",
      "provider": "provider[\"registry.terraform.io/hashicorp/aws\"]",
      "instances": [
        {
          "schema_version": 0,
          "attributes": {
            "capacity_provider_strategy": [],
            "cluster": "arn:aws:ecs:eu-west-3:120523844784:cluster/devops-cluster-toh",
            "deployment_controller": [
              {
                "type": "ECS"
              }
            ],
            "deployment_maximum_percent": 100,
            "deployment_minimum_healthy_percent": 0,
            "desired_count": 2,
            "enable_ecs_managed_tags": false,
            "force_new_deployment": null,
            "health_check_grace_period_seconds": 0,
            "iam_role": "aws-service-role",
            "id": "arn:aws:ecs:eu-west-3:120523844784:service/devops-cluster-toh/devops-service-toh-frontend",
            "launch_type": "FARGATE",
            "load_balancer": [
              {
                "container_name": "toh-frontend",
                "container_port": 80,
                "elb_name": "",
                "target_group_arn": "arn:aws:elasticloadbalancing:eu-west-3:120523844784:targetgroup/devops-lb-tg-toh-frontend/321925a9a595680d"
              }
            ],
            "name": "devops-service-toh-frontend",
            "network_configuration": [
              {
                "assign_public_ip": true,
                "security_groups": [
                  "sg-0c46cf2be9197e03d"
                ],
                "subnets": [
                  "subnet-069134a647ad41289",
                  "subnet-0f4dfdfcce7752bdc"
                ]
              }
            ],
            "ordered_placement_strategy": [],
            "placement_constraints": [],
            "placement_strategy": [],
            "platform_version": "LATEST",
            "propagate_tags": "NONE",
            "scheduling_strategy": "REPLICA",
            "service_registries": [],
            "tags": null,
            "task_definition": "toh-frontend:34",
            "timeouts": null
          },
          "sensitive_attributes": [],
          "private": "eyJlMmJmYjczMC1lY2FhLTExZTYtOGY4OC0zNDM2M2JjN2M0YzAiOnsiZGVsZXRlIjoxMjAwMDAwMDAwMDAwfX0=",
          "dependencies": [
            "module.toh.aws_ecs_cluster.devops_cluster_toh",
            "module.toh.aws_ecs_task_definition.toh_frontend",
            "module.toh.aws_lb_target_group.devops_lb_tg_toh_frontend",
            "module.toh.aws_security_group.devops_service_sg_toh_frontend",
            "module.toh.aws_subnet.devops_vpc_toh_subnet_1",
            "module.toh.aws_subnet.devops_vpc_toh_subnet_2"
          ]
        }
      ]
    },
    {
      "module": "module.toh",
      "mode": "managed",
      "type": "aws_ecs_task_definition",
      "name": "toh_backend",
      "provider": "provider[\"registry.terraform.io/hashicorp/aws\"]",
      "instances": [
        {
          "schema_version": 1,
          "attributes": {
            "arn": "arn:aws:ecs:eu-west-3:120523844784:task-definition/toh-backend:37",
            "container_definitions": "[{\"cpu\":10,\"environment\":[],\"essential\":true,\"image\":\"120523844784.dkr.ecr.eu-west-3.amazonaws.com/toh-backend\",\"memory\":512,\"mountPoints\":[],\"name\":\"toh-backend\",\"portMappings\":[{\"containerPort\":3000,\"hostPort\":3000,\"protocol\":\"tcp\"}],\"volumesFrom\":[]}]",
            "cpu": "256",
            "execution_role_arn": "arn:aws:iam::120523844784:role/ecsTaskExecutionRole",
            "family": "toh-backend",
            "id": "toh-backend",
            "inference_accelerator": [],
            "ipc_mode": "",
            "memory": "1024",
            "network_mode": "awsvpc",
            "pid_mode": "",
            "placement_constraints": [],
            "proxy_configuration": [],
            "requires_compatibilities": [
              "FARGATE"
            ],
            "revision": 37,
            "tags": {},
            "task_role_arn": "",
            "volume": []
          },
          "sensitive_attributes": [],
          "private": "eyJzY2hlbWFfdmVyc2lvbiI6IjEifQ==",
          "dependencies": [
            "module.toh.aws_ecr_repository.ecr_toh_backend",
            "module.toh.data.aws_iam_role.ecs_task_execution_role"
          ]
        }
      ]
    },
    {
      "module": "module.toh",
      "mode": "managed",
      "type": "aws_ecs_task_definition",
      "name": "toh_frontend",
      "provider": "provider[\"registry.terraform.io/hashicorp/aws\"]",
      "instances": [
        {
          "schema_version": 1,
          "attributes": {
            "arn": "arn:aws:ecs:eu-west-3:120523844784:task-definition/toh-frontend:34",
            "container_definitions": "[{\"cpu\":10,\"environment\":[],\"essential\":true,\"image\":\"120523844784.dkr.ecr.eu-west-3.amazonaws.com/toh-frontend\",\"memory\":512,\"mountPoints\":[],\"name\":\"toh-frontend\",\"portMappings\":[{\"containerPort\":80,\"hostPort\":80,\"protocol\":\"tcp\"}],\"volumesFrom\":[]}]",
            "cpu": "256",
            "execution_role_arn": "arn:aws:iam::120523844784:role/ecsTaskExecutionRole",
            "family": "toh-frontend",
            "id": "toh-frontend",
            "inference_accelerator": [],
            "ipc_mode": "",
            "memory": "1024",
            "network_mode": "awsvpc",
            "pid_mode": "",
            "placement_constraints": [],
            "proxy_configuration": [],
            "requires_compatibilities": [
              "FARGATE"
            ],
            "revision": 34,
            "tags": {},
            "task_role_arn": "",
            "volume": []
          },
          "sensitive_attributes": [],
          "private": "eyJzY2hlbWFfdmVyc2lvbiI6IjEifQ==",
          "dependencies": [
            "module.toh.aws_ecr_repository.ecr_toh_frontend",
            "module.toh.data.aws_iam_role.ecs_task_execution_role"
          ]
        }
      ]
    },
    {
      "module": "module.toh",
      "mode": "managed",
      "type": "aws_iam_policy",
      "name": "devops_codebuild_project_toh_backend_policy",
      "provider": "provider[\"registry.terraform.io/hashicorp/aws\"]",
      "instances": [
        {
          "schema_version": 0,
          "attributes": {
            "arn": "arn:aws:iam::120523844784:policy/devops-codebuild-project-toh-backend-policy",
            "description": "",
            "id": "arn:aws:iam::120523844784:policy/devops-codebuild-project-toh-backend-policy",
            "name": "devops-codebuild-project-toh-backend-policy",
            "name_prefix": null,
            "path": "/",
            "policy": "{\n  \"Version\": \"2012-10-17\",\n  \"Statement\": [\n    {\n      \"Sid\": \"\",\n      \"Effect\": \"Allow\",\n      \"Action\": [\n        \"logs:PutLogEvents\",\n        \"logs:CreateLogStream\",\n        \"logs:CreateLogGroup\",\n        \"ecr:UploadLayerPart\",\n        \"ecr:PutImage\",\n        \"ecr:ListImages\",\n        \"ecr:InitiateLayerUpload\",\n        \"ecr:GetDownloadUrlForLayer\",\n        \"ecr:GetAuthorizationToken\",\n        \"ecr:DescribeRepositories\",\n        \"ecr:DescribeImages\",\n        \"ecr:CompleteLayerUpload\",\n        \"ecr:BatchGetImage\",\n        \"ecr:BatchCheckLayerAvailability\",\n        \"codebuild:Updatereport\",\n        \"codebuild:CreateReportGroup\",\n        \"codebuild:CreateReport\",\n        \"codebuild:BatchPutTestCases\",\n        \"codebuild:BatchPutCodeCoverages\"\n      ],\n      \"Resource\": \"*\"\n    },\n    {\n      \"Sid\": \"\",\n      \"Effect\": \"Allow\",\n      \"Action\": [\n        \"s3:PutObject\",\n        \"s3:GetObjectVersion\",\n        \"s3:GetObject\",\n        \"s3:GetBucketLocation\",\n        \"s3:GetBucketAcl\"\n      ],\n      \"Resource\": [\n        \"arn:aws:s3:::devops-pipeline-bucket-1/*\",\n        \"arn:aws:s3:::devops-pipeline-bucket-1\"\n      ]\n    }\n  ]\n}"
          },
          "sensitive_attributes": [],
          "private": "bnVsbA==",
          "dependencies": [
            "module.toh.aws_s3_bucket.pipeline_bucket",
            "module.toh.data.aws_iam_policy_document.policies_toh_backend"
          ]
        }
      ]
    },
    {
      "module": "module.toh",
      "mode": "managed",
      "type": "aws_iam_policy",
      "name": "devops_codebuild_project_toh_frontend_policy",
      "provider": "provider[\"registry.terraform.io/hashicorp/aws\"]",
      "instances": [
        {
          "schema_version": 0,
          "attributes": {
            "arn": "arn:aws:iam::120523844784:policy/devops-codebuild-project-toh-frontend-policy",
            "description": "",
            "id": "arn:aws:iam::120523844784:policy/devops-codebuild-project-toh-frontend-policy",
            "name": "devops-codebuild-project-toh-frontend-policy",
            "name_prefix": null,
            "path": "/",
            "policy": "{\n  \"Version\": \"2012-10-17\",\n  \"Statement\": [\n    {\n      \"Sid\": \"\",\n      \"Effect\": \"Allow\",\n      \"Action\": [\n        \"logs:PutLogEvents\",\n        \"logs:CreateLogStream\",\n        \"logs:CreateLogGroup\",\n        \"ecr:UploadLayerPart\",\n        \"ecr:PutImage\",\n        \"ecr:ListImages\",\n        \"ecr:InitiateLayerUpload\",\n        \"ecr:GetDownloadUrlForLayer\",\n        \"ecr:GetAuthorizationToken\",\n        \"ecr:DescribeRepositories\",\n        \"ecr:DescribeImages\",\n        \"ecr:CompleteLayerUpload\",\n        \"ecr:BatchGetImage\",\n        \"ecr:BatchCheckLayerAvailability\",\n        \"codebuild:Updatereport\",\n        \"codebuild:CreateReportGroup\",\n        \"codebuild:CreateReport\",\n        \"codebuild:BatchPutTestCases\",\n        \"codebuild:BatchPutCodeCoverages\"\n      ],\n      \"Resource\": \"*\"\n    },\n    {\n      \"Sid\": \"\",\n      \"Effect\": \"Allow\",\n      \"Action\": [\n        \"s3:PutObject\",\n        \"s3:GetObjectVersion\",\n        \"s3:GetObject\",\n        \"s3:GetBucketLocation\",\n        \"s3:GetBucketAcl\"\n      ],\n      \"Resource\": [\n        \"arn:aws:s3:::devops-pipeline-bucket-1/*\",\n        \"arn:aws:s3:::devops-pipeline-bucket-1\"\n      ]\n    }\n  ]\n}"
          },
          "sensitive_attributes": [],
          "private": "bnVsbA==",
          "dependencies": [
            "module.toh.aws_s3_bucket.pipeline_bucket",
            "module.toh.data.aws_iam_policy_document.policies_toh_frontend"
          ]
        }
      ]
    },
    {
      "module": "module.toh",
      "mode": "managed",
      "type": "aws_iam_policy",
      "name": "devops_pipeline_policy_1",
      "provider": "provider[\"registry.terraform.io/hashicorp/aws\"]",
      "instances": [
        {
          "schema_version": 0,
          "attributes": {
            "arn": "arn:aws:iam::120523844784:policy/devops-pipeline-policy-1",
            "description": "",
            "id": "arn:aws:iam::120523844784:policy/devops-pipeline-policy-1",
            "name": "devops-pipeline-policy-1",
            "name_prefix": null,
            "path": "/",
            "policy": "{\n  \"Version\": \"2012-10-17\",\n  \"Statement\": [\n    {\n      \"Sid\": \"\",\n      \"Effect\": \"Allow\",\n      \"Action\": [\n        \"sqs:*\",\n        \"sns:*\",\n        \"rds:*\",\n        \"iam:PassRole\",\n        \"elasticloadbalancing:*\",\n        \"elasticbeanstalk:*\",\n        \"ecs:*\",\n        \"ec2:*\",\n        \"codestar-connections:UseConnection\",\n        \"codedeploy:RegisterApplicationRevision\",\n        \"codedeploy:GetDeploymentConfig\",\n        \"codedeploy:GetDeployment\",\n        \"codedeploy:GetApplicationRevision\",\n        \"codedeploy:GetApplication\",\n        \"codedeploy:CreateDeployment\",\n        \"codebuild:StartBuildBatch\",\n        \"codebuild:StartBuild\",\n        \"codebuild:BatchGetBuilds\",\n        \"codebuild:BatchGetBuildBatches\",\n        \"cloudwatch:*\",\n        \"cloudformation:*\",\n        \"autoscaling:*\"\n      ],\n      \"Resource\": \"*\"\n    },\n    {\n      \"Sid\": \"\",\n      \"Effect\": \"Allow\",\n      \"Action\": \"s3:*\",\n      \"Resource\": [\n        \"arn:aws:s3:::devops-pipeline-bucket-1/*\",\n        \"arn:aws:s3:::devops-pipeline-bucket-1\"\n      ]\n    }\n  ]\n}"
          },
          "sensitive_attributes": [],
          "private": "bnVsbA==",
          "dependencies": [
            "module.toh.aws_s3_bucket.pipeline_bucket",
            "module.toh.data.aws_iam_policy_document.policies"
          ]
        }
      ]
    },
    {
      "module": "module.toh",
      "mode": "managed",
      "type": "aws_iam_policy_attachment",
      "name": "devops_iam_attachement_1",
      "provider": "provider[\"registry.terraform.io/hashicorp/aws\"]",
      "instances": [
        {
          "schema_version": 0,
          "attributes": {
            "groups": [],
            "id": "devops-iam-attachement-1",
            "name": "devops-iam-attachement-1",
            "policy_arn": "arn:aws:iam::120523844784:policy/devops-pipeline-policy-1",
            "roles": [
              "devops-pipeline-iam-role-1"
            ],
            "users": []
          },
          "sensitive_attributes": [],
          "private": "bnVsbA==",
          "dependencies": [
            "module.toh.aws_iam_policy.devops_pipeline_policy_1",
            "module.toh.aws_iam_role.devops_pipeline_iam_role_1",
            "module.toh.aws_s3_bucket.pipeline_bucket",
            "module.toh.data.aws_iam_policy_document.pipeline_assume_role",
            "module.toh.data.aws_iam_policy_document.policies"
          ]
        }
      ]
    },
    {
      "module": "module.toh",
      "mode": "managed",
      "type": "aws_iam_policy_attachment",
      "name": "devops_iam_attachement_project_toh_backend",
      "provider": "provider[\"registry.terraform.io/hashicorp/aws\"]",
      "instances": [
        {
          "schema_version": 0,
          "attributes": {
            "groups": [],
            "id": "devops-iam-attachement-project-toh-backend",
            "name": "devops-iam-attachement-project-toh-backend",
            "policy_arn": "arn:aws:iam::120523844784:policy/devops-codebuild-project-toh-backend-policy",
            "roles": [
              "devops-codebuild-project-toh-role"
            ],
            "users": []
          },
          "sensitive_attributes": [],
          "private": "bnVsbA==",
          "dependencies": [
            "module.toh.aws_iam_policy.devops_codebuild_project_toh_backend_policy",
            "module.toh.aws_iam_role.devops_codebuild_project_toh_backend_role",
            "module.toh.aws_s3_bucket.pipeline_bucket",
            "module.toh.data.aws_iam_policy_document.codebuild_toh_assume_role",
            "module.toh.data.aws_iam_policy_document.policies_toh_backend"
          ]
        }
      ]
    },
    {
      "module": "module.toh",
      "mode": "managed",
      "type": "aws_iam_policy_attachment",
      "name": "devops_iam_attachement_project_toh_frontend",
      "provider": "provider[\"registry.terraform.io/hashicorp/aws\"]",
      "instances": [
        {
          "schema_version": 0,
          "attributes": {
            "groups": [],
            "id": "devops-iam-attachement-project-toh-frontend",
            "name": "devops-iam-attachement-project-toh-frontend",
            "policy_arn": "arn:aws:iam::120523844784:policy/devops-codebuild-project-toh-frontend-policy",
            "roles": [
              "devops-codebuild-project-docker-role"
            ],
            "users": []
          },
          "sensitive_attributes": [],
          "private": "bnVsbA==",
          "dependencies": [
            "module.toh.aws_iam_policy.devops_codebuild_project_toh_frontend_policy",
            "module.toh.aws_iam_role.devops_codebuild_project_toh_frontend_role",
            "module.toh.aws_s3_bucket.pipeline_bucket",
            "module.toh.data.aws_iam_policy_document.codebuild_toh_assume_role",
            "module.toh.data.aws_iam_policy_document.policies_toh_frontend"
          ]
        }
      ]
    },
    {
      "module": "module.toh",
      "mode": "managed",
      "type": "aws_iam_role",
      "name": "devops_codebuild_project_toh_backend_role",
      "provider": "provider[\"registry.terraform.io/hashicorp/aws\"]",
      "instances": [
        {
          "schema_version": 0,
          "attributes": {
            "arn": "arn:aws:iam::120523844784:role/devops-codebuild-project-toh-role",
            "assume_role_policy": "{\"Version\":\"2012-10-17\",\"Statement\":[{\"Sid\":\"\",\"Effect\":\"Allow\",\"Principal\":{\"Service\":\"codebuild.amazonaws.com\"},\"Action\":\"sts:AssumeRole\"}]}",
            "create_date": "2021-01-29T13:26:10Z",
            "description": "",
            "force_detach_policies": false,
            "id": "devops-codebuild-project-toh-role",
            "max_session_duration": 3600,
            "name": "devops-codebuild-project-toh-role",
            "name_prefix": null,
            "path": "/",
            "permissions_boundary": null,
            "tags": {},
            "unique_id": "AROARYD6H5SYBD7F6DYSW"
          },
          "sensitive_attributes": [],
          "private": "bnVsbA==",
          "dependencies": [
            "module.toh.data.aws_iam_policy_document.codebuild_toh_assume_role"
          ]
        }
      ]
    },
    {
      "module": "module.toh",
      "mode": "managed",
      "type": "aws_iam_role",
      "name": "devops_codebuild_project_toh_frontend_role",
      "provider": "provider[\"registry.terraform.io/hashicorp/aws\"]",
      "instances": [
        {
          "schema_version": 0,
          "attributes": {
            "arn": "arn:aws:iam::120523844784:role/devops-codebuild-project-docker-role",
            "assume_role_policy": "{\"Version\":\"2012-10-17\",\"Statement\":[{\"Sid\":\"\",\"Effect\":\"Allow\",\"Principal\":{\"Service\":\"codebuild.amazonaws.com\"},\"Action\":\"sts:AssumeRole\"}]}",
            "create_date": "2021-01-29T13:26:10Z",
            "description": "",
            "force_detach_policies": false,
            "id": "devops-codebuild-project-docker-role",
            "max_session_duration": 3600,
            "name": "devops-codebuild-project-docker-role",
            "name_prefix": null,
            "path": "/",
            "permissions_boundary": null,
            "tags": {},
            "unique_id": "AROARYD6H5SYPMNB5UWTQ"
          },
          "sensitive_attributes": [],
          "private": "bnVsbA==",
          "dependencies": [
            "module.toh.data.aws_iam_policy_document.codebuild_toh_assume_role"
          ]
        }
      ]
    },
    {
      "module": "module.toh",
      "mode": "managed",
      "type": "aws_iam_role",
      "name": "devops_pipeline_iam_role_1",
      "provider": "provider[\"registry.terraform.io/hashicorp/aws\"]",
      "instances": [
        {
          "schema_version": 0,
          "attributes": {
            "arn": "arn:aws:iam::120523844784:role/devops-pipeline-iam-role-1",
            "assume_role_policy": "{\"Version\":\"2012-10-17\",\"Statement\":[{\"Sid\":\"\",\"Effect\":\"Allow\",\"Principal\":{\"Service\":\"codepipeline.amazonaws.com\"},\"Action\":\"sts:AssumeRole\"}]}",
            "create_date": "2021-01-29T13:26:10Z",
            "description": "",
            "force_detach_policies": false,
            "id": "devops-pipeline-iam-role-1",
            "max_session_duration": 3600,
            "name": "devops-pipeline-iam-role-1",
            "name_prefix": null,
            "path": "/",
            "permissions_boundary": null,
            "tags": {},
            "unique_id": "AROARYD6H5SYDXTZUGPKM"
          },
          "sensitive_attributes": [],
          "private": "bnVsbA==",
          "dependencies": [
            "module.toh.data.aws_iam_policy_document.pipeline_assume_role"
          ]
        }
      ]
    },
    {
      "module": "module.toh",
      "mode": "managed",
      "type": "aws_internet_gateway",
      "name": "devops_vpc_toh_internet_gateway",
      "provider": "provider[\"registry.terraform.io/hashicorp/aws\"]",
      "instances": [
        {
          "schema_version": 0,
          "attributes": {
            "arn": "arn:aws:ec2:eu-west-3:120523844784:internet-gateway/igw-096593d3c4baddff9",
            "id": "igw-096593d3c4baddff9",
            "owner_id": "120523844784",
            "tags": {
              "Name": "devops-vpc-toh-internet-gateway"
            },
            "vpc_id": "vpc-05fea70864e0d4d73"
          },
          "sensitive_attributes": [],
          "private": "bnVsbA==",
          "dependencies": [
            "module.toh.aws_vpc.devops_vpc_toh"
          ]
        }
      ]
    },
    {
      "module": "module.toh",
      "mode": "managed",
      "type": "aws_lb",
      "name": "devops_lb_toh_backend",
      "provider": "provider[\"registry.terraform.io/hashicorp/aws\"]",
      "instances": [
        {
          "schema_version": 0,
          "attributes": {
            "access_logs": [
              {
                "bucket": "",
                "enabled": false,
                "prefix": ""
              }
            ],
            "arn": "arn:aws:elasticloadbalancing:eu-west-3:120523844784:loadbalancer/app/devops-lb-toh-backend/a657c844c2c46924",
            "arn_suffix": "app/devops-lb-toh-backend/a657c844c2c46924",
            "dns_name": "devops-lb-toh-backend-694519940.eu-west-3.elb.amazonaws.com",
            "drop_invalid_header_fields": false,
            "enable_cross_zone_load_balancing": null,
            "enable_deletion_protection": false,
            "enable_http2": true,
            "id": "arn:aws:elasticloadbalancing:eu-west-3:120523844784:loadbalancer/app/devops-lb-toh-backend/a657c844c2c46924",
            "idle_timeout": 60,
            "internal": false,
            "ip_address_type": "ipv4",
            "load_balancer_type": "application",
            "name": "devops-lb-toh-backend",
            "name_prefix": null,
            "security_groups": [
              "sg-03c9c1df36cc485f1"
            ],
            "subnet_mapping": [
              {
                "allocation_id": "",
                "subnet_id": "subnet-069134a647ad41289"
              },
              {
                "allocation_id": "",
                "subnet_id": "subnet-0f4dfdfcce7752bdc"
              }
            ],
            "subnets": [
              "subnet-069134a647ad41289",
              "subnet-0f4dfdfcce7752bdc"
            ],
            "tags": {},
            "timeouts": null,
            "vpc_id": "vpc-05fea70864e0d4d73",
            "zone_id": "Z3Q77PNBQS71R4"
          },
          "sensitive_attributes": [],
          "private": "eyJlMmJmYjczMC1lY2FhLTExZTYtOGY4OC0zNDM2M2JjN2M0YzAiOnsiY3JlYXRlIjo2MDAwMDAwMDAwMDAsImRlbGV0ZSI6NjAwMDAwMDAwMDAwLCJ1cGRhdGUiOjYwMDAwMDAwMDAwMH19",
          "dependencies": [
            "module.toh.aws_security_group.devops_lb_sg_toh_backend",
            "module.toh.aws_subnet.devops_vpc_toh_subnet_1",
            "module.toh.aws_subnet.devops_vpc_toh_subnet_2",
            "module.toh.aws_vpc.devops_vpc_toh"
          ]
        }
      ]
    },
    {
      "module": "module.toh",
      "mode": "managed",
      "type": "aws_lb",
      "name": "devops_lb_toh_frontend",
      "provider": "provider[\"registry.terraform.io/hashicorp/aws\"]",
      "instances": [
        {
          "schema_version": 0,
          "attributes": {
            "access_logs": [
              {
                "bucket": "",
                "enabled": false,
                "prefix": ""
              }
            ],
            "arn": "arn:aws:elasticloadbalancing:eu-west-3:120523844784:loadbalancer/app/devops-lb-toh-frontend/7002c9475e46471f",
            "arn_suffix": "app/devops-lb-toh-frontend/7002c9475e46471f",
            "dns_name": "devops-lb-toh-frontend-1151973697.eu-west-3.elb.amazonaws.com",
            "drop_invalid_header_fields": false,
            "enable_cross_zone_load_balancing": null,
            "enable_deletion_protection": false,
            "enable_http2": true,
            "id": "arn:aws:elasticloadbalancing:eu-west-3:120523844784:loadbalancer/app/devops-lb-toh-frontend/7002c9475e46471f",
            "idle_timeout": 60,
            "internal": false,
            "ip_address_type": "ipv4",
            "load_balancer_type": "application",
            "name": "devops-lb-toh-frontend",
            "name_prefix": null,
            "security_groups": [
              "sg-0c22d09c993f2ade5"
            ],
            "subnet_mapping": [
              {
                "allocation_id": "",
                "subnet_id": "subnet-069134a647ad41289"
              },
              {
                "allocation_id": "",
                "subnet_id": "subnet-0f4dfdfcce7752bdc"
              }
            ],
            "subnets": [
              "subnet-069134a647ad41289",
              "subnet-0f4dfdfcce7752bdc"
            ],
            "tags": {},
            "timeouts": null,
            "vpc_id": "vpc-05fea70864e0d4d73",
            "zone_id": "Z3Q77PNBQS71R4"
          },
          "sensitive_attributes": [],
          "private": "eyJlMmJmYjczMC1lY2FhLTExZTYtOGY4OC0zNDM2M2JjN2M0YzAiOnsiY3JlYXRlIjo2MDAwMDAwMDAwMDAsImRlbGV0ZSI6NjAwMDAwMDAwMDAwLCJ1cGRhdGUiOjYwMDAwMDAwMDAwMH19",
          "dependencies": [
            "module.toh.aws_security_group.devops_lb_sg_toh_frontend",
            "module.toh.aws_subnet.devops_vpc_toh_subnet_1",
            "module.toh.aws_subnet.devops_vpc_toh_subnet_2",
            "module.toh.aws_vpc.devops_vpc_toh"
          ]
        }
      ]
    },
    {
      "module": "module.toh",
      "mode": "managed",
      "type": "aws_lb_listener",
      "name": "devops_lb_listener_toh_backend",
      "provider": "provider[\"registry.terraform.io/hashicorp/aws\"]",
      "instances": [
        {
          "schema_version": 0,
          "attributes": {
            "arn": "arn:aws:elasticloadbalancing:eu-west-3:120523844784:listener/app/devops-lb-toh-backend/a657c844c2c46924/4dcf11656639c00f",
            "certificate_arn": null,
            "default_action": [
              {
                "authenticate_cognito": [],
                "authenticate_oidc": [],
                "fixed_response": [],
                "forward": [],
                "order": 1,
                "redirect": [],
                "target_group_arn": "arn:aws:elasticloadbalancing:eu-west-3:120523844784:targetgroup/devops-lb-tg-toh-backend/d6180f1d6f3cebea",
                "type": "forward"
              }
            ],
            "id": "arn:aws:elasticloadbalancing:eu-west-3:120523844784:listener/app/devops-lb-toh-backend/a657c844c2c46924/4dcf11656639c00f",
            "load_balancer_arn": "arn:aws:elasticloadbalancing:eu-west-3:120523844784:loadbalancer/app/devops-lb-toh-backend/a657c844c2c46924",
            "port": 3000,
            "protocol": "HTTP",
            "ssl_policy": "",
            "timeouts": null
          },
          "sensitive_attributes": [],
          "private": "eyJlMmJmYjczMC1lY2FhLTExZTYtOGY4OC0zNDM2M2JjN2M0YzAiOnsicmVhZCI6NjAwMDAwMDAwMDAwfX0=",
          "dependencies": [
            "module.toh.aws_lb.devops_lb_toh_backend",
            "module.toh.aws_lb_target_group.devops_lb_tg_toh_backend",
            "module.toh.aws_security_group.devops_lb_sg_toh_backend",
            "module.toh.aws_subnet.devops_vpc_toh_subnet_1",
            "module.toh.aws_subnet.devops_vpc_toh_subnet_2",
            "module.toh.aws_vpc.devops_vpc_toh"
          ]
        }
      ]
    },
    {
      "module": "module.toh",
      "mode": "managed",
      "type": "aws_lb_listener",
      "name": "devops_lb_listener_toh_frontend",
      "provider": "provider[\"registry.terraform.io/hashicorp/aws\"]",
      "instances": [
        {
          "schema_version": 0,
          "attributes": {
            "arn": "arn:aws:elasticloadbalancing:eu-west-3:120523844784:listener/app/devops-lb-toh-frontend/7002c9475e46471f/73d4015027518d82",
            "certificate_arn": null,
            "default_action": [
              {
                "authenticate_cognito": [],
                "authenticate_oidc": [],
                "fixed_response": [],
                "forward": [],
                "order": 1,
                "redirect": [],
                "target_group_arn": "arn:aws:elasticloadbalancing:eu-west-3:120523844784:targetgroup/devops-lb-tg-toh-frontend/321925a9a595680d",
                "type": "forward"
              }
            ],
            "id": "arn:aws:elasticloadbalancing:eu-west-3:120523844784:listener/app/devops-lb-toh-frontend/7002c9475e46471f/73d4015027518d82",
            "load_balancer_arn": "arn:aws:elasticloadbalancing:eu-west-3:120523844784:loadbalancer/app/devops-lb-toh-frontend/7002c9475e46471f",
            "port": 80,
            "protocol": "HTTP",
            "ssl_policy": "",
            "timeouts": null
          },
          "sensitive_attributes": [],
          "private": "eyJlMmJmYjczMC1lY2FhLTExZTYtOGY4OC0zNDM2M2JjN2M0YzAiOnsicmVhZCI6NjAwMDAwMDAwMDAwfX0=",
          "dependencies": [
            "module.toh.aws_lb.devops_lb_toh_frontend",
            "module.toh.aws_lb_target_group.devops_lb_tg_toh_frontend",
            "module.toh.aws_security_group.devops_lb_sg_toh_frontend",
            "module.toh.aws_subnet.devops_vpc_toh_subnet_1",
            "module.toh.aws_subnet.devops_vpc_toh_subnet_2",
            "module.toh.aws_vpc.devops_vpc_toh"
          ]
        }
      ]
    },
    {
      "module": "module.toh",
      "mode": "managed",
      "type": "aws_lb_target_group",
      "name": "devops_lb_tg_toh_backend",
      "provider": "provider[\"registry.terraform.io/hashicorp/aws\"]",
      "instances": [
        {
          "schema_version": 0,
          "attributes": {
            "arn": "arn:aws:elasticloadbalancing:eu-west-3:120523844784:targetgroup/devops-lb-tg-toh-backend/d6180f1d6f3cebea",
            "arn_suffix": "targetgroup/devops-lb-tg-toh-backend/d6180f1d6f3cebea",
            "deregistration_delay": 300,
            "health_check": [
              {
                "enabled": true,
                "healthy_threshold": 5,
                "interval": 30,
                "matcher": "200",
                "path": "/",
                "port": "traffic-port",
                "protocol": "HTTP",
                "timeout": 5,
                "unhealthy_threshold": 2
              }
            ],
            "id": "arn:aws:elasticloadbalancing:eu-west-3:120523844784:targetgroup/devops-lb-tg-toh-backend/d6180f1d6f3cebea",
            "lambda_multi_value_headers_enabled": false,
            "load_balancing_algorithm_type": "round_robin",
            "name": "devops-lb-tg-toh-backend",
            "name_prefix": null,
            "port": 3000,
            "protocol": "HTTP",
            "proxy_protocol_v2": false,
            "slow_start": 0,
            "stickiness": [
              {
                "cookie_duration": 86400,
                "enabled": false,
                "type": "lb_cookie"
              }
            ],
            "tags": {},
            "target_type": "ip",
            "vpc_id": "vpc-05fea70864e0d4d73"
          },
          "sensitive_attributes": [],
          "private": "bnVsbA==",
          "dependencies": [
            "module.toh.aws_vpc.devops_vpc_toh"
          ]
        }
      ]
    },
    {
      "module": "module.toh",
      "mode": "managed",
      "type": "aws_lb_target_group",
      "name": "devops_lb_tg_toh_frontend",
      "provider": "provider[\"registry.terraform.io/hashicorp/aws\"]",
      "instances": [
        {
          "schema_version": 0,
          "attributes": {
            "arn": "arn:aws:elasticloadbalancing:eu-west-3:120523844784:targetgroup/devops-lb-tg-toh-frontend/321925a9a595680d",
            "arn_suffix": "targetgroup/devops-lb-tg-toh-frontend/321925a9a595680d",
            "deregistration_delay": 300,
            "health_check": [
              {
                "enabled": true,
                "healthy_threshold": 5,
                "interval": 30,
                "matcher": "200",
                "path": "/",
                "port": "traffic-port",
                "protocol": "HTTP",
                "timeout": 5,
                "unhealthy_threshold": 2
              }
            ],
            "id": "arn:aws:elasticloadbalancing:eu-west-3:120523844784:targetgroup/devops-lb-tg-toh-frontend/321925a9a595680d",
            "lambda_multi_value_headers_enabled": false,
            "load_balancing_algorithm_type": "round_robin",
            "name": "devops-lb-tg-toh-frontend",
            "name_prefix": null,
            "port": 80,
            "protocol": "HTTP",
            "proxy_protocol_v2": false,
            "slow_start": 0,
            "stickiness": [
              {
                "cookie_duration": 86400,
                "enabled": false,
                "type": "lb_cookie"
              }
            ],
            "tags": {},
            "target_type": "ip",
            "vpc_id": "vpc-05fea70864e0d4d73"
          },
          "sensitive_attributes": [],
          "private": "bnVsbA==",
          "dependencies": [
            "module.toh.aws_vpc.devops_vpc_toh"
          ]
        }
      ]
    },
    {
      "module": "module.toh",
      "mode": "managed",
      "type": "aws_route",
      "name": "devops_vpc_route_table_gateway",
      "provider": "provider[\"registry.terraform.io/hashicorp/aws\"]",
      "instances": [
        {
          "schema_version": 0,
          "attributes": {
            "destination_cidr_block": "0.0.0.0/0",
            "destination_ipv6_cidr_block": "",
            "destination_prefix_list_id": "",
            "egress_only_gateway_id": "",
            "gateway_id": "igw-096593d3c4baddff9",
            "id": "r-rtb-0bae47dcc75ed19c71080289494",
            "instance_id": "",
            "instance_owner_id": "",
            "nat_gateway_id": "",
            "network_interface_id": "",
            "origin": "CreateRoute",
            "route_table_id": "rtb-0bae47dcc75ed19c7",
            "state": "active",
            "timeouts": null,
            "transit_gateway_id": "",
            "vpc_peering_connection_id": ""
          },
          "sensitive_attributes": [],
          "private": "eyJlMmJmYjczMC1lY2FhLTExZTYtOGY4OC0zNDM2M2JjN2M0YzAiOnsiY3JlYXRlIjoxMjAwMDAwMDAwMDAsImRlbGV0ZSI6MzAwMDAwMDAwMDAwfX0=",
          "dependencies": [
            "module.toh.aws_internet_gateway.devops_vpc_toh_internet_gateway",
            "module.toh.aws_vpc.devops_vpc_toh"
          ]
        }
      ]
    },
    {
      "module": "module.toh",
      "mode": "managed",
      "type": "aws_s3_bucket",
      "name": "pipeline_bucket",
      "provider": "provider[\"registry.terraform.io/hashicorp/aws\"]",
      "instances": [
        {
          "schema_version": 0,
          "attributes": {
            "acceleration_status": "",
            "acl": "private",
            "arn": "arn:aws:s3:::devops-pipeline-bucket-1",
            "bucket": "devops-pipeline-bucket-1",
            "bucket_domain_name": "devops-pipeline-bucket-1.s3.amazonaws.com",
            "bucket_prefix": null,
            "bucket_regional_domain_name": "devops-pipeline-bucket-1.s3.eu-west-3.amazonaws.com",
            "cors_rule": [],
            "force_destroy": true,
            "grant": [],
            "hosted_zone_id": "Z3R1K369G5AVDG",
            "id": "devops-pipeline-bucket-1",
            "lifecycle_rule": [],
            "logging": [],
            "object_lock_configuration": [],
            "policy": null,
            "region": "eu-west-3",
            "replication_configuration": [],
            "request_payer": "BucketOwner",
            "server_side_encryption_configuration": [],
            "tags": {},
            "versioning": [
              {
                "enabled": false,
                "mfa_delete": false
              }
            ],
            "website": [],
            "website_domain": null,
            "website_endpoint": null
          },
          "sensitive_attributes": [],
          "private": "bnVsbA=="
        }
      ]
    },
    {
      "module": "module.toh",
      "mode": "managed",
      "type": "aws_security_group",
      "name": "devops_lb_sg_toh_backend",
      "provider": "provider[\"registry.terraform.io/hashicorp/aws\"]",
      "instances": [
        {
          "schema_version": 1,
          "attributes": {
            "arn": "arn:aws:ec2:eu-west-3:120523844784:security-group/sg-03c9c1df36cc485f1",
            "description": "Managed by Terraform",
            "egress": [
              {
                "cidr_blocks": [
                  "0.0.0.0/0"
                ],
                "description": "",
                "from_port": 0,
                "ipv6_cidr_blocks": [],
                "prefix_list_ids": [],
                "protocol": "-1",
                "security_groups": [],
                "self": false,
                "to_port": 0
              }
            ],
            "id": "sg-03c9c1df36cc485f1",
            "ingress": [
              {
                "cidr_blocks": [
                  "0.0.0.0/0"
                ],
                "description": "",
                "from_port": 3000,
                "ipv6_cidr_blocks": [],
                "prefix_list_ids": [],
                "protocol": "tcp",
                "security_groups": [],
                "self": false,
                "to_port": 3000
              }
            ],
            "name": "devops-lb-sg-toh-backend",
            "name_prefix": null,
            "owner_id": "120523844784",
            "revoke_rules_on_delete": false,
            "tags": {},
            "timeouts": null,
            "vpc_id": "vpc-05fea70864e0d4d73"
          },
          "sensitive_attributes": [],
          "private": "eyJlMmJmYjczMC1lY2FhLTExZTYtOGY4OC0zNDM2M2JjN2M0YzAiOnsiY3JlYXRlIjo2MDAwMDAwMDAwMDAsImRlbGV0ZSI6NjAwMDAwMDAwMDAwfSwic2NoZW1hX3ZlcnNpb24iOiIxIn0=",
          "dependencies": [
            "module.toh.aws_vpc.devops_vpc_toh"
          ]
        }
      ]
    },
    {
      "module": "module.toh",
      "mode": "managed",
      "type": "aws_security_group",
      "name": "devops_lb_sg_toh_frontend",
      "provider": "provider[\"registry.terraform.io/hashicorp/aws\"]",
      "instances": [
        {
          "schema_version": 1,
          "attributes": {
            "arn": "arn:aws:ec2:eu-west-3:120523844784:security-group/sg-0c22d09c993f2ade5",
            "description": "Managed by Terraform",
            "egress": [
              {
                "cidr_blocks": [
                  "0.0.0.0/0"
                ],
                "description": "",
                "from_port": 0,
                "ipv6_cidr_blocks": [],
                "prefix_list_ids": [],
                "protocol": "-1",
                "security_groups": [],
                "self": false,
                "to_port": 0
              }
            ],
            "id": "sg-0c22d09c993f2ade5",
            "ingress": [
              {
                "cidr_blocks": [
                  "0.0.0.0/0"
                ],
                "description": "",
                "from_port": 80,
                "ipv6_cidr_blocks": [],
                "prefix_list_ids": [],
                "protocol": "tcp",
                "security_groups": [],
                "self": false,
                "to_port": 80
              }
            ],
            "name": "devops-lb-sg-toh-frontend",
            "name_prefix": null,
            "owner_id": "120523844784",
            "revoke_rules_on_delete": false,
            "tags": {},
            "timeouts": null,
            "vpc_id": "vpc-05fea70864e0d4d73"
          },
          "sensitive_attributes": [],
          "private": "eyJlMmJmYjczMC1lY2FhLTExZTYtOGY4OC0zNDM2M2JjN2M0YzAiOnsiY3JlYXRlIjo2MDAwMDAwMDAwMDAsImRlbGV0ZSI6NjAwMDAwMDAwMDAwfSwic2NoZW1hX3ZlcnNpb24iOiIxIn0=",
          "dependencies": [
            "module.toh.aws_vpc.devops_vpc_toh"
          ]
        }
      ]
    },
    {
      "module": "module.toh",
      "mode": "managed",
      "type": "aws_security_group",
      "name": "devops_service_sg_toh_backend",
      "provider": "provider[\"registry.terraform.io/hashicorp/aws\"]",
      "instances": [
        {
          "schema_version": 1,
          "attributes": {
            "arn": "arn:aws:ec2:eu-west-3:120523844784:security-group/sg-0921aeda7f5516cb8",
            "description": "Managed by Terraform",
            "egress": [
              {
                "cidr_blocks": [
                  "0.0.0.0/0"
                ],
                "description": "",
                "from_port": 0,
                "ipv6_cidr_blocks": [],
                "prefix_list_ids": [],
                "protocol": "-1",
                "security_groups": [],
                "self": false,
                "to_port": 0
              }
            ],
            "id": "sg-0921aeda7f5516cb8",
            "ingress": [
              {
                "cidr_blocks": [
                  "0.0.0.0/0"
                ],
                "description": "",
                "from_port": 3000,
                "ipv6_cidr_blocks": [],
                "prefix_list_ids": [],
                "protocol": "tcp",
                "security_groups": [],
                "self": false,
                "to_port": 3000
              }
            ],
            "name": "devops-service-sg-toh-backend",
            "name_prefix": null,
            "owner_id": "120523844784",
            "revoke_rules_on_delete": false,
            "tags": {},
            "timeouts": null,
            "vpc_id": "vpc-05fea70864e0d4d73"
          },
          "sensitive_attributes": [],
          "private": "eyJlMmJmYjczMC1lY2FhLTExZTYtOGY4OC0zNDM2M2JjN2M0YzAiOnsiY3JlYXRlIjo2MDAwMDAwMDAwMDAsImRlbGV0ZSI6NjAwMDAwMDAwMDAwfSwic2NoZW1hX3ZlcnNpb24iOiIxIn0=",
          "dependencies": [
            "module.toh.aws_vpc.devops_vpc_toh"
          ]
        }
      ]
    },
    {
      "module": "module.toh",
      "mode": "managed",
      "type": "aws_security_group",
      "name": "devops_service_sg_toh_frontend",
      "provider": "provider[\"registry.terraform.io/hashicorp/aws\"]",
      "instances": [
        {
          "schema_version": 1,
          "attributes": {
            "arn": "arn:aws:ec2:eu-west-3:120523844784:security-group/sg-0c46cf2be9197e03d",
            "description": "Managed by Terraform",
            "egress": [
              {
                "cidr_blocks": [
                  "0.0.0.0/0"
                ],
                "description": "",
                "from_port": 0,
                "ipv6_cidr_blocks": [],
                "prefix_list_ids": [],
                "protocol": "-1",
                "security_groups": [],
                "self": false,
                "to_port": 0
              }
            ],
            "id": "sg-0c46cf2be9197e03d",
            "ingress": [
              {
                "cidr_blocks": [
                  "0.0.0.0/0"
                ],
                "description": "",
                "from_port": 80,
                "ipv6_cidr_blocks": [],
                "prefix_list_ids": [],
                "protocol": "tcp",
                "security_groups": [],
                "self": false,
                "to_port": 80
              }
            ],
            "name": "devops-service-sg-toh-frontend",
            "name_prefix": null,
            "owner_id": "120523844784",
            "revoke_rules_on_delete": false,
            "tags": {},
            "timeouts": null,
            "vpc_id": "vpc-05fea70864e0d4d73"
          },
          "sensitive_attributes": [],
          "private": "eyJlMmJmYjczMC1lY2FhLTExZTYtOGY4OC0zNDM2M2JjN2M0YzAiOnsiY3JlYXRlIjo2MDAwMDAwMDAwMDAsImRlbGV0ZSI6NjAwMDAwMDAwMDAwfSwic2NoZW1hX3ZlcnNpb24iOiIxIn0=",
          "dependencies": [
            "module.toh.aws_vpc.devops_vpc_toh"
          ]
        }
      ]
    },
    {
      "module": "module.toh",
      "mode": "managed",
      "type": "aws_subnet",
      "name": "devops_vpc_toh_subnet_1",
      "provider": "provider[\"registry.terraform.io/hashicorp/aws\"]",
      "instances": [
        {
          "schema_version": 1,
          "attributes": {
            "arn": "arn:aws:ec2:eu-west-3:120523844784:subnet/subnet-069134a647ad41289",
            "assign_ipv6_address_on_creation": false,
            "availability_zone": "eu-west-3a",
            "availability_zone_id": "euw3-az1",
            "cidr_block": "10.0.1.0/24",
            "id": "subnet-069134a647ad41289",
            "ipv6_cidr_block": "",
            "ipv6_cidr_block_association_id": "",
            "map_public_ip_on_launch": false,
            "outpost_arn": "",
            "owner_id": "120523844784",
            "tags": {
              "Name": "devops-vpc-toh-subnet-1"
            },
            "timeouts": null,
            "vpc_id": "vpc-05fea70864e0d4d73"
          },
          "sensitive_attributes": [],
          "private": "eyJlMmJmYjczMC1lY2FhLTExZTYtOGY4OC0zNDM2M2JjN2M0YzAiOnsiY3JlYXRlIjo2MDAwMDAwMDAwMDAsImRlbGV0ZSI6MTIwMDAwMDAwMDAwMH0sInNjaGVtYV92ZXJzaW9uIjoiMSJ9",
          "dependencies": [
            "module.toh.aws_vpc.devops_vpc_toh"
          ]
        }
      ]
    },
    {
      "module": "module.toh",
      "mode": "managed",
      "type": "aws_subnet",
      "name": "devops_vpc_toh_subnet_2",
      "provider": "provider[\"registry.terraform.io/hashicorp/aws\"]",
      "instances": [
        {
          "schema_version": 1,
          "attributes": {
            "arn": "arn:aws:ec2:eu-west-3:120523844784:subnet/subnet-0f4dfdfcce7752bdc",
            "assign_ipv6_address_on_creation": false,
            "availability_zone": "eu-west-3b",
            "availability_zone_id": "euw3-az2",
            "cidr_block": "10.0.2.0/24",
            "id": "subnet-0f4dfdfcce7752bdc",
            "ipv6_cidr_block": "",
            "ipv6_cidr_block_association_id": "",
            "map_public_ip_on_launch": false,
            "outpost_arn": "",
            "owner_id": "120523844784",
            "tags": {
              "Name": "devops-vpc-toh-subnet-2"
            },
            "timeouts": null,
            "vpc_id": "vpc-05fea70864e0d4d73"
          },
          "sensitive_attributes": [],
          "private": "eyJlMmJmYjczMC1lY2FhLTExZTYtOGY4OC0zNDM2M2JjN2M0YzAiOnsiY3JlYXRlIjo2MDAwMDAwMDAwMDAsImRlbGV0ZSI6MTIwMDAwMDAwMDAwMH0sInNjaGVtYV92ZXJzaW9uIjoiMSJ9",
          "dependencies": [
            "module.toh.aws_vpc.devops_vpc_toh"
          ]
        }
      ]
    },
    {
      "module": "module.toh",
      "mode": "managed",
      "type": "aws_vpc",
      "name": "devops_vpc_toh",
      "provider": "provider[\"registry.terraform.io/hashicorp/aws\"]",
      "instances": [
        {
          "schema_version": 1,
          "attributes": {
            "arn": "arn:aws:ec2:eu-west-3:120523844784:vpc/vpc-05fea70864e0d4d73",
            "assign_generated_ipv6_cidr_block": false,
            "cidr_block": "10.0.0.0/16",
            "default_network_acl_id": "acl-00c612721ac588a3a",
            "default_route_table_id": "rtb-0bae47dcc75ed19c7",
            "default_security_group_id": "sg-0dbe26a8a53e278e3",
            "dhcp_options_id": "dopt-68d92800",
            "enable_classiclink": null,
            "enable_classiclink_dns_support": null,
            "enable_dns_hostnames": true,
            "enable_dns_support": true,
            "id": "vpc-05fea70864e0d4d73",
            "instance_tenancy": "default",
            "ipv6_association_id": "",
            "ipv6_cidr_block": "",
            "main_route_table_id": "rtb-0bae47dcc75ed19c7",
            "owner_id": "120523844784",
            "tags": {
              "Name": "devops-vpc-toh"
            }
          },
          "sensitive_attributes": [],
          "private": "eyJzY2hlbWFfdmVyc2lvbiI6IjEifQ=="
        }
      ]
    }
  ]
}
