{
  "version": 4,
  "terraform_version": "0.14.2",
  "serial": 1521,
  "lineage": "0115f679-736e-4596-75de-d67004d1fea2",
  "outputs": {},
  "resources": [
    {
      "module": "module.toh",
      "mode": "data",
      "type": "aws_iam_policy_document",
      "name": "codebuild_assume_role",
      "provider": "provider[\"registry.terraform.io/hashicorp/aws\"]",
      "instances": [
        {
          "schema_version": 0,
          "attributes": {
            "id": "442947395",
            "json": "{\n  \"Version\": \"2012-10-17\",\n  \"Statement\": [\n    {\n      \"Sid\": \"\",\n      \"Effect\": \"Allow\",\n      \"Action\": \"sts:AssumeRole\",\n      \"Principal\": {\n        \"Service\": \"codebuild.amazonaws.com\"\n      }\n    }\n  ]\n}",
            "override_json": null,
            "policy_id": null,
            "source_json": null,
            "statement": [
              {
                "actions": [
                  "sts:AssumeRole"
                ],
                "condition": [],
                "effect": "Allow",
                "not_actions": [],
                "not_principals": [],
                "not_resources": [],
                "principals": [
                  {
                    "identifiers": [
                      "codebuild.amazonaws.com"
                    ],
                    "type": "Service"
                  }
                ],
                "resources": [],
                "sid": ""
              }
            ],
            "version": "2012-10-17"
          },
          "sensitive_attributes": []
        }
      ]
    },
    {
      "module": "module.toh",
      "mode": "data",
      "type": "aws_iam_policy_document",
      "name": "pipeline_assume_role",
      "provider": "provider[\"registry.terraform.io/hashicorp/aws\"]",
      "instances": [
        {
          "schema_version": 0,
          "attributes": {
            "id": "382154967",
            "json": "{\n  \"Version\": \"2012-10-17\",\n  \"Statement\": [\n    {\n      \"Sid\": \"\",\n      \"Effect\": \"Allow\",\n      \"Action\": \"sts:AssumeRole\",\n      \"Principal\": {\n        \"Service\": \"codepipeline.amazonaws.com\"\n      }\n    }\n  ]\n}",
            "override_json": null,
            "policy_id": null,
            "source_json": null,
            "statement": [
              {
                "actions": [
                  "sts:AssumeRole"
                ],
                "condition": [],
                "effect": "Allow",
                "not_actions": [],
                "not_principals": [],
                "not_resources": [],
                "principals": [
                  {
                    "identifiers": [
                      "codepipeline.amazonaws.com"
                    ],
                    "type": "Service"
                  }
                ],
                "resources": [],
                "sid": ""
              }
            ],
            "version": "2012-10-17"
          },
          "sensitive_attributes": []
        }
      ]
    },
    {
      "module": "module.toh",
      "mode": "data",
      "type": "aws_iam_policy_document",
      "name": "policies",
      "provider": "provider[\"registry.terraform.io/hashicorp/aws\"]",
      "instances": [
        {
          "schema_version": 0,
          "attributes": {
            "id": "1626312234",
            "json": "{\n  \"Version\": \"2012-10-17\",\n  \"Statement\": [\n    {\n      \"Sid\": \"\",\n      \"Effect\": \"Allow\",\n      \"Action\": [\n        \"sqs:*\",\n        \"sns:*\",\n        \"rds:*\",\n        \"iam:PassRole\",\n        \"elasticloadbalancing:*\",\n        \"elasticbeanstalk:*\",\n        \"ecs:*\",\n        \"ec2:*\",\n        \"codestar-connections:UseConnection\",\n        \"codedeploy:RegisterApplicationRevision\",\n        \"codedeploy:GetDeploymentConfig\",\n        \"codedeploy:GetDeployment\",\n        \"codedeploy:GetApplicationRevision\",\n        \"codedeploy:GetApplication\",\n        \"codedeploy:CreateDeployment\",\n        \"codebuild:StartBuildBatch\",\n        \"codebuild:StartBuild\",\n        \"codebuild:BatchGetBuilds\",\n        \"codebuild:BatchGetBuildBatches\",\n        \"cloudwatch:*\",\n        \"cloudformation:*\",\n        \"autoscaling:*\"\n      ],\n      \"Resource\": \"*\"\n    },\n    {\n      \"Sid\": \"\",\n      \"Effect\": \"Allow\",\n      \"Action\": \"s3:*\",\n      \"Resource\": [\n        \"arn:aws:s3:::toh-pipeline-bucket-1/*\",\n        \"arn:aws:s3:::toh-pipeline-bucket-1\"\n      ]\n    }\n  ]\n}",
            "override_json": null,
            "policy_id": null,
            "source_json": null,
            "statement": [
              {
                "actions": [
                  "autoscaling:*",
                  "cloudformation:*",
                  "cloudwatch:*",
                  "codebuild:BatchGetBuildBatches",
                  "codebuild:BatchGetBuilds",
                  "codebuild:StartBuild",
                  "codebuild:StartBuildBatch",
                  "codedeploy:CreateDeployment",
                  "codedeploy:GetApplication",
                  "codedeploy:GetApplicationRevision",
                  "codedeploy:GetDeployment",
                  "codedeploy:GetDeploymentConfig",
                  "codedeploy:RegisterApplicationRevision",
                  "codestar-connections:UseConnection",
                  "ec2:*",
                  "ecs:*",
                  "elasticbeanstalk:*",
                  "elasticloadbalancing:*",
                  "iam:PassRole",
                  "rds:*",
                  "sns:*",
                  "sqs:*"
                ],
                "condition": [],
                "effect": "Allow",
                "not_actions": [],
                "not_principals": [],
                "not_resources": [],
                "principals": [],
                "resources": [
                  "*"
                ],
                "sid": ""
              },
              {
                "actions": [
                  "s3:*"
                ],
                "condition": [],
                "effect": "Allow",
                "not_actions": [],
                "not_principals": [],
                "not_resources": [],
                "principals": [],
                "resources": [
                  "arn:aws:s3:::toh-pipeline-bucket-1",
                  "arn:aws:s3:::toh-pipeline-bucket-1/*"
                ],
                "sid": ""
              }
            ],
            "version": "2012-10-17"
          },
          "sensitive_attributes": []
        }
      ]
    },
    {
      "module": "module.toh",
      "mode": "data",
      "type": "aws_iam_policy_document",
      "name": "policies_backend",
      "provider": "provider[\"registry.terraform.io/hashicorp/aws\"]",
      "instances": [
        {
          "schema_version": 0,
          "attributes": {
            "id": "1918907154",
            "json": "{\n  \"Version\": \"2012-10-17\",\n  \"Statement\": [\n    {\n      \"Sid\": \"\",\n      \"Effect\": \"Allow\",\n      \"Action\": [\n        \"logs:PutLogEvents\",\n        \"logs:CreateLogStream\",\n        \"logs:CreateLogGroup\",\n        \"ecr:UploadLayerPart\",\n        \"ecr:PutImage\",\n        \"ecr:ListImages\",\n        \"ecr:InitiateLayerUpload\",\n        \"ecr:GetDownloadUrlForLayer\",\n        \"ecr:GetAuthorizationToken\",\n        \"ecr:DescribeRepositories\",\n        \"ecr:DescribeImages\",\n        \"ecr:CompleteLayerUpload\",\n        \"ecr:BatchGetImage\",\n        \"ecr:BatchCheckLayerAvailability\",\n        \"codebuild:Updatereport\",\n        \"codebuild:CreateReportGroup\",\n        \"codebuild:CreateReport\",\n        \"codebuild:BatchPutTestCases\",\n        \"codebuild:BatchPutCodeCoverages\"\n      ],\n      \"Resource\": \"*\"\n    },\n    {\n      \"Sid\": \"\",\n      \"Effect\": \"Allow\",\n      \"Action\": [\n        \"s3:PutObject\",\n        \"s3:GetObjectVersion\",\n        \"s3:GetObject\",\n        \"s3:GetBucketLocation\",\n        \"s3:GetBucketAcl\"\n      ],\n      \"Resource\": [\n        \"arn:aws:s3:::toh-pipeline-bucket-1/*\",\n        \"arn:aws:s3:::toh-pipeline-bucket-1\"\n      ]\n    }\n  ]\n}",
            "override_json": null,
            "policy_id": null,
            "source_json": null,
            "statement": [
              {
                "actions": [
                  "codebuild:BatchPutCodeCoverages",
                  "codebuild:BatchPutTestCases",
                  "codebuild:CreateReport",
                  "codebuild:CreateReportGroup",
                  "codebuild:Updatereport",
                  "ecr:BatchCheckLayerAvailability",
                  "ecr:BatchGetImage",
                  "ecr:CompleteLayerUpload",
                  "ecr:DescribeImages",
                  "ecr:DescribeRepositories",
                  "ecr:GetAuthorizationToken",
                  "ecr:GetDownloadUrlForLayer",
                  "ecr:InitiateLayerUpload",
                  "ecr:ListImages",
                  "ecr:PutImage",
                  "ecr:UploadLayerPart",
                  "logs:CreateLogGroup",
                  "logs:CreateLogStream",
                  "logs:PutLogEvents"
                ],
                "condition": [],
                "effect": "Allow",
                "not_actions": [],
                "not_principals": [],
                "not_resources": [],
                "principals": [],
                "resources": [
                  "*"
                ],
                "sid": ""
              },
              {
                "actions": [
                  "s3:GetBucketAcl",
                  "s3:GetBucketLocation",
                  "s3:GetObject",
                  "s3:GetObjectVersion",
                  "s3:PutObject"
                ],
                "condition": [],
                "effect": "Allow",
                "not_actions": [],
                "not_principals": [],
                "not_resources": [],
                "principals": [],
                "resources": [
                  "arn:aws:s3:::toh-pipeline-bucket-1",
                  "arn:aws:s3:::toh-pipeline-bucket-1/*"
                ],
                "sid": ""
              }
            ],
            "version": "2012-10-17"
          },
          "sensitive_attributes": []
        }
      ]
    },
    {
      "module": "module.toh",
      "mode": "data",
      "type": "aws_iam_policy_document",
      "name": "policies_frontend",
      "provider": "provider[\"registry.terraform.io/hashicorp/aws\"]",
      "instances": [
        {
          "schema_version": 0,
          "attributes": {
            "id": "1918907154",
            "json": "{\n  \"Version\": \"2012-10-17\",\n  \"Statement\": [\n    {\n      \"Sid\": \"\",\n      \"Effect\": \"Allow\",\n      \"Action\": [\n        \"logs:PutLogEvents\",\n        \"logs:CreateLogStream\",\n        \"logs:CreateLogGroup\",\n        \"ecr:UploadLayerPart\",\n        \"ecr:PutImage\",\n        \"ecr:ListImages\",\n        \"ecr:InitiateLayerUpload\",\n        \"ecr:GetDownloadUrlForLayer\",\n        \"ecr:GetAuthorizationToken\",\n        \"ecr:DescribeRepositories\",\n        \"ecr:DescribeImages\",\n        \"ecr:CompleteLayerUpload\",\n        \"ecr:BatchGetImage\",\n        \"ecr:BatchCheckLayerAvailability\",\n        \"codebuild:Updatereport\",\n        \"codebuild:CreateReportGroup\",\n        \"codebuild:CreateReport\",\n        \"codebuild:BatchPutTestCases\",\n        \"codebuild:BatchPutCodeCoverages\"\n      ],\n      \"Resource\": \"*\"\n    },\n    {\n      \"Sid\": \"\",\n      \"Effect\": \"Allow\",\n      \"Action\": [\n        \"s3:PutObject\",\n        \"s3:GetObjectVersion\",\n        \"s3:GetObject\",\n        \"s3:GetBucketLocation\",\n        \"s3:GetBucketAcl\"\n      ],\n      \"Resource\": [\n        \"arn:aws:s3:::toh-pipeline-bucket-1/*\",\n        \"arn:aws:s3:::toh-pipeline-bucket-1\"\n      ]\n    }\n  ]\n}",
            "override_json": null,
            "policy_id": null,
            "source_json": null,
            "statement": [
              {
                "actions": [
                  "codebuild:BatchPutCodeCoverages",
                  "codebuild:BatchPutTestCases",
                  "codebuild:CreateReport",
                  "codebuild:CreateReportGroup",
                  "codebuild:Updatereport",
                  "ecr:BatchCheckLayerAvailability",
                  "ecr:BatchGetImage",
                  "ecr:CompleteLayerUpload",
                  "ecr:DescribeImages",
                  "ecr:DescribeRepositories",
                  "ecr:GetAuthorizationToken",
                  "ecr:GetDownloadUrlForLayer",
                  "ecr:InitiateLayerUpload",
                  "ecr:ListImages",
                  "ecr:PutImage",
                  "ecr:UploadLayerPart",
                  "logs:CreateLogGroup",
                  "logs:CreateLogStream",
                  "logs:PutLogEvents"
                ],
                "condition": [],
                "effect": "Allow",
                "not_actions": [],
                "not_principals": [],
                "not_resources": [],
                "principals": [],
                "resources": [
                  "*"
                ],
                "sid": ""
              },
              {
                "actions": [
                  "s3:GetBucketAcl",
                  "s3:GetBucketLocation",
                  "s3:GetObject",
                  "s3:GetObjectVersion",
                  "s3:PutObject"
                ],
                "condition": [],
                "effect": "Allow",
                "not_actions": [],
                "not_principals": [],
                "not_resources": [],
                "principals": [],
                "resources": [
                  "arn:aws:s3:::toh-pipeline-bucket-1",
                  "arn:aws:s3:::toh-pipeline-bucket-1/*"
                ],
                "sid": ""
              }
            ],
            "version": "2012-10-17"
          },
          "sensitive_attributes": []
        }
      ]
    },
    {
      "module": "module.toh",
      "mode": "data",
      "type": "aws_iam_role",
      "name": "ecs_task_execution_role",
      "provider": "provider[\"registry.terraform.io/hashicorp/aws\"]",
      "instances": [
        {
          "schema_version": 0,
          "attributes": {
            "arn": "arn:aws:iam::120523844784:role/ecsTaskExecutionRole",
            "assume_role_policy": "{\"Version\":\"2008-10-17\",\"Statement\":[{\"Sid\":\"\",\"Effect\":\"Allow\",\"Principal\":{\"Service\":\"ecs-tasks.amazonaws.com\"},\"Action\":\"sts:AssumeRole\"}]}",
            "assume_role_policy_document": null,
            "create_date": "2020-11-22T00:11:31Z",
            "description": "",
            "id": "ecsTaskExecutionRole",
            "max_session_duration": 3600,
            "name": "ecsTaskExecutionRole",
            "path": "/",
            "permissions_boundary": "",
            "role_id": null,
            "role_name": null,
            "tags": {},
            "unique_id": "AROARYD6H5SYCBFEJO4JQ"
          },
          "sensitive_attributes": []
        }
      ]
    },
    {
      "module": "module.toh",
      "mode": "managed",
      "type": "aws_codebuild_project",
      "name": "build_backend",
      "provider": "provider[\"registry.terraform.io/hashicorp/aws\"]",
      "instances": [
        {
          "schema_version": 0,
          "attributes": {
            "arn": "arn:aws:codebuild:eu-west-3:120523844784:project/toh-build-backend",
            "artifacts": [
              {
                "artifact_identifier": "",
                "encryption_disabled": false,
                "location": "",
                "name": "toh-build-backend",
                "namespace_type": "",
                "override_artifact_name": false,
                "packaging": "NONE",
                "path": "",
                "type": "CODEPIPELINE"
              }
            ],
            "badge_enabled": false,
            "badge_url": "",
            "build_timeout": 60,
            "cache": [
              {
                "location": "",
                "modes": [],
                "type": "NO_CACHE"
              }
            ],
            "description": "Build toh backend image",
            "encryption_key": "arn:aws:kms:eu-west-3:120523844784:alias/aws/s3",
            "environment": [
              {
                "certificate": "",
                "compute_type": "BUILD_GENERAL1_SMALL",
                "environment_variable": [
                  {
                    "name": "IMAGE_REPO_NAME",
                    "type": "PLAINTEXT",
                    "value": "120523844784.dkr.ecr.eu-west-3.amazonaws.com/toh-backend"
                  },
                  {
                    "name": "IMAGE_TAG",
                    "type": "PLAINTEXT",
                    "value": "latest"
                  },
                  {
                    "name": "DB_USER",
                    "type": "PLAINTEXT",
                    "value": "toh"
                  },
                  {
                    "name": "DB_PASSWORD",
                    "type": "PLAINTEXT",
                    "value": "Poussin1!"
                  }
                ],
                "image": "aws/codebuild/standard:4.0",
                "image_pull_credentials_type": "CODEBUILD",
                "privileged_mode": true,
                "registry_credential": [],
                "type": "LINUX_CONTAINER"
              }
            ],
            "id": "arn:aws:codebuild:eu-west-3:120523844784:project/toh-build-backend",
            "logs_config": [
              {
                "cloudwatch_logs": [
                  {
                    "group_name": "Devops",
                    "status": "ENABLED",
                    "stream_name": "toh-codebuild-backend"
                  }
                ],
                "s3_logs": [
                  {
                    "encryption_disabled": false,
                    "location": "",
                    "status": "DISABLED"
                  }
                ]
              }
            ],
            "name": "toh-build-backend",
            "queued_timeout": 480,
            "secondary_artifacts": [],
            "secondary_sources": [],
            "service_role": "arn:aws:iam::120523844784:role/toh-codebuild-project-bakcend-role",
            "source": [
              {
                "auth": [],
                "buildspec": "toh-backend-buildspec.yml",
                "git_clone_depth": 0,
                "git_submodules_config": [],
                "insecure_ssl": false,
                "location": "",
                "report_build_status": false,
                "type": "CODEPIPELINE"
              }
            ],
            "source_version": "",
            "tags": {},
            "vpc_config": []
          },
          "sensitive_attributes": [
            [
              {
                "type": "get_attr",
                "value": "environment"
              },
              {
                "type": "index",
                "value": {
                  "value": 0,
                  "type": "number"
                }
              },
              {
                "type": "get_attr",
                "value": "environment_variable"
              },
              {
                "type": "index",
                "value": {
                  "value": 3,
                  "type": "number"
                }
              },
              {
                "type": "get_attr",
                "value": "value"
              }
            ]
          ],
          "private": "bnVsbA==",
          "dependencies": [
            "module.toh.aws_ecr_repository.ecr_backend",
            "module.toh.aws_iam_role.codebuild_project_backend_role",
            "module.toh.data.aws_iam_policy_document.codebuild_assume_role"
          ]
        }
      ]
    },
    {
      "module": "module.toh",
      "mode": "managed",
      "type": "aws_codebuild_project",
      "name": "build_frontend",
      "provider": "provider[\"registry.terraform.io/hashicorp/aws\"]",
      "instances": [
        {
          "schema_version": 0,
          "attributes": {
            "arn": "arn:aws:codebuild:eu-west-3:120523844784:project/toh-build-frontend",
            "artifacts": [
              {
                "artifact_identifier": "",
                "encryption_disabled": false,
                "location": "",
                "name": "toh-build-frontend",
                "namespace_type": "",
                "override_artifact_name": false,
                "packaging": "NONE",
                "path": "",
                "type": "CODEPIPELINE"
              }
            ],
            "badge_enabled": false,
            "badge_url": "",
            "build_timeout": 60,
            "cache": [
              {
                "location": "",
                "modes": [],
                "type": "NO_CACHE"
              }
            ],
            "description": "Build toh frontend images",
            "encryption_key": "arn:aws:kms:eu-west-3:120523844784:alias/aws/s3",
            "environment": [
              {
                "certificate": "",
                "compute_type": "BUILD_GENERAL1_SMALL",
                "environment_variable": [
                  {
                    "name": "IMAGE_REPO_NAME",
                    "type": "PLAINTEXT",
                    "value": "120523844784.dkr.ecr.eu-west-3.amazonaws.com/toh-frontend"
                  },
                  {
                    "name": "IMAGE_TAG",
                    "type": "PLAINTEXT",
                    "value": "latest"
                  },
                  {
                    "name": "SERVER_URL",
                    "type": "PLAINTEXT",
                    "value": "toh-lb-backend-795226363.eu-west-3.elb.amazonaws.com"
                  },
                  {
                    "name": "SERVER_PORT",
                    "type": "PLAINTEXT",
                    "value": "3000"
                  }
                ],
                "image": "aws/codebuild/standard:4.0",
                "image_pull_credentials_type": "CODEBUILD",
                "privileged_mode": true,
                "registry_credential": [],
                "type": "LINUX_CONTAINER"
              }
            ],
            "id": "arn:aws:codebuild:eu-west-3:120523844784:project/toh-build-frontend",
            "logs_config": [
              {
                "cloudwatch_logs": [
                  {
                    "group_name": "Devops",
                    "status": "ENABLED",
                    "stream_name": "toh-codebuild-frontend"
                  }
                ],
                "s3_logs": [
                  {
                    "encryption_disabled": false,
                    "location": "",
                    "status": "DISABLED"
                  }
                ]
              }
            ],
            "name": "toh-build-frontend",
            "queued_timeout": 480,
            "secondary_artifacts": [],
            "secondary_sources": [],
            "service_role": "arn:aws:iam::120523844784:role/toh-codebuild-project-frontend-role",
            "source": [
              {
                "auth": [],
                "buildspec": "toh-frontend-buildspec.yml",
                "git_clone_depth": 0,
                "git_submodules_config": [],
                "insecure_ssl": false,
                "location": "",
                "report_build_status": false,
                "type": "CODEPIPELINE"
              }
            ],
            "source_version": "",
            "tags": {},
            "vpc_config": []
          },
          "sensitive_attributes": [],
          "private": "bnVsbA==",
          "dependencies": [
            "module.toh.aws_ecr_repository.ecr_frontend",
            "module.toh.aws_iam_role.codebuild_project_frontend_role",
            "module.toh.aws_lb.lb_backend",
            "module.toh.aws_security_group.sg_lb_backend",
            "module.toh.aws_subnet.vpc_subnet_1",
            "module.toh.aws_subnet.vpc_subnet_2",
            "module.toh.aws_vpc.vpc",
            "module.toh.data.aws_iam_policy_document.codebuild_assume_role"
          ]
        }
      ]
    },
    {
      "module": "module.toh",
      "mode": "managed",
      "type": "aws_codepipeline",
      "name": "pipeline",
      "provider": "provider[\"registry.terraform.io/hashicorp/aws\"]",
      "instances": [
        {
          "schema_version": 0,
          "attributes": {
            "arn": "arn:aws:codepipeline:eu-west-3:120523844784:toh-pipeline",
            "artifact_store": [
              {
                "encryption_key": [],
                "location": "toh-pipeline-bucket-1",
                "region": "",
                "type": "S3"
              }
            ],
            "id": "toh-pipeline",
            "name": "toh-pipeline",
            "role_arn": "arn:aws:iam::120523844784:role/toh-pipeline-iam-role-1",
            "stage": [
              {
                "action": [
                  {
                    "category": "Source",
                    "configuration": {
                      "BranchName": "main",
                      "ConnectionArn": "arn:aws:codestar-connections:eu-west-3:120523844784:connection/df4c72ac-2c1e-48f4-b15b-9bcd07b3eadf",
                      "FullRepositoryId": "Slourf/Tour-of-Heroes",
                      "OutputArtifactFormat": "CODE_ZIP"
                    },
                    "input_artifacts": null,
                    "name": "Source",
                    "namespace": "",
                    "output_artifacts": [
                      "source_output"
                    ],
                    "owner": "AWS",
                    "provider": "CodeStarSourceConnection",
                    "region": "",
                    "role_arn": "",
                    "run_order": 1,
                    "version": "1"
                  }
                ],
                "name": "Source"
              },
              {
                "action": [
                  {
                    "category": "Build",
                    "configuration": {
                      "ProjectName": "toh-build-backend"
                    },
                    "input_artifacts": [
                      "source_output"
                    ],
                    "name": "BuildBackend",
                    "namespace": "",
                    "output_artifacts": [
                      "backend_build_output"
                    ],
                    "owner": "AWS",
                    "provider": "CodeBuild",
                    "region": "",
                    "role_arn": "",
                    "run_order": 1,
                    "version": "1"
                  },
                  {
                    "category": "Build",
                    "configuration": {
                      "ProjectName": "toh-build-frontend"
                    },
                    "input_artifacts": [
                      "source_output"
                    ],
                    "name": "BuildFrontend",
                    "namespace": "",
                    "output_artifacts": [
                      "frontend_build_output"
                    ],
                    "owner": "AWS",
                    "provider": "CodeBuild",
                    "region": "",
                    "role_arn": "",
                    "run_order": 1,
                    "version": "1"
                  }
                ],
                "name": "Build"
              },
              {
                "action": [
                  {
                    "category": "Deploy",
                    "configuration": {
                      "ClusterName": "toh-cluster",
                      "ServiceName": "toh-service-backend"
                    },
                    "input_artifacts": [
                      "backend_build_output"
                    ],
                    "name": "DeployBackend",
                    "namespace": "",
                    "output_artifacts": null,
                    "owner": "AWS",
                    "provider": "ECS",
                    "region": "",
                    "role_arn": "",
                    "run_order": 1,
                    "version": "1"
                  },
                  {
                    "category": "Deploy",
                    "configuration": {
                      "ClusterName": "toh-cluster",
                      "ServiceName": "toh-service-frontend"
                    },
                    "input_artifacts": [
                      "frontend_build_output"
                    ],
                    "name": "DeployFrontend",
                    "namespace": "",
                    "output_artifacts": null,
                    "owner": "AWS",
                    "provider": "ECS",
                    "region": "",
                    "role_arn": "",
                    "run_order": 1,
                    "version": "1"
                  }
                ],
                "name": "Deploy"
              }
            ],
            "tags": null
          },
          "sensitive_attributes": [],
          "private": "bnVsbA==",
          "dependencies": [
            "module.toh.aws_codebuild_project.build_backend",
            "module.toh.aws_codebuild_project.build_frontend",
            "module.toh.aws_ecs_cluster.cluster",
            "module.toh.aws_ecs_service.service_backend",
            "module.toh.aws_ecs_service.service_frontend",
            "module.toh.aws_ecs_task_definition.backend",
            "module.toh.aws_ecs_task_definition.frontend",
            "module.toh.aws_iam_role.pipeline_iam_role_1",
            "module.toh.aws_lb_target_group.lb_tg_backend",
            "module.toh.aws_lb_target_group.lb_tg_frontend",
            "module.toh.aws_s3_bucket.pipeline_bucket",
            "module.toh.aws_security_group.sg_service_backend",
            "module.toh.aws_security_group.sg_service_frontend",
            "module.toh.aws_subnet.vpc_subnet_1",
            "module.toh.aws_subnet.vpc_subnet_2",
            "module.toh.aws_vpc.vpc"
          ]
        }
      ]
    },
    {
      "module": "module.toh",
      "mode": "managed",
      "type": "aws_ecr_repository",
      "name": "ecr_backend",
      "provider": "provider[\"registry.terraform.io/hashicorp/aws\"]",
      "instances": [
        {
          "schema_version": 0,
          "attributes": {
            "arn": "arn:aws:ecr:eu-west-3:120523844784:repository/toh-backend",
            "id": "toh-backend",
            "image_scanning_configuration": [
              {
                "scan_on_push": true
              }
            ],
            "image_tag_mutability": "MUTABLE",
            "name": "toh-backend",
            "registry_id": "120523844784",
            "repository_url": "120523844784.dkr.ecr.eu-west-3.amazonaws.com/toh-backend",
            "tags": {},
            "timeouts": null
          },
          "sensitive_attributes": [],
          "private": "eyJlMmJmYjczMC1lY2FhLTExZTYtOGY4OC0zNDM2M2JjN2M0YzAiOnsiZGVsZXRlIjoxMjAwMDAwMDAwMDAwfX0="
        }
      ]
    },
    {
      "module": "module.toh",
      "mode": "managed",
      "type": "aws_ecr_repository",
      "name": "ecr_frontend",
      "provider": "provider[\"registry.terraform.io/hashicorp/aws\"]",
      "instances": [
        {
          "schema_version": 0,
          "attributes": {
            "arn": "arn:aws:ecr:eu-west-3:120523844784:repository/toh-frontend",
            "id": "toh-frontend",
            "image_scanning_configuration": [
              {
                "scan_on_push": true
              }
            ],
            "image_tag_mutability": "MUTABLE",
            "name": "toh-frontend",
            "registry_id": "120523844784",
            "repository_url": "120523844784.dkr.ecr.eu-west-3.amazonaws.com/toh-frontend",
            "tags": {},
            "timeouts": null
          },
          "sensitive_attributes": [],
          "private": "eyJlMmJmYjczMC1lY2FhLTExZTYtOGY4OC0zNDM2M2JjN2M0YzAiOnsiZGVsZXRlIjoxMjAwMDAwMDAwMDAwfX0="
        }
      ]
    },
    {
      "module": "module.toh",
      "mode": "managed",
      "type": "aws_ecs_cluster",
      "name": "cluster",
      "provider": "provider[\"registry.terraform.io/hashicorp/aws\"]",
      "instances": [
        {
          "schema_version": 0,
          "attributes": {
            "arn": "arn:aws:ecs:eu-west-3:120523844784:cluster/toh-cluster",
            "capacity_providers": [
              "FARGATE"
            ],
            "default_capacity_provider_strategy": [],
            "id": "arn:aws:ecs:eu-west-3:120523844784:cluster/toh-cluster",
            "name": "toh-cluster",
            "setting": [
              {
                "name": "containerInsights",
                "value": "disabled"
              }
            ],
            "tags": {}
          },
          "sensitive_attributes": [],
          "private": "bnVsbA=="
        }
      ]
    },
    {
      "module": "module.toh",
      "mode": "managed",
      "type": "aws_ecs_service",
      "name": "service_backend",
      "provider": "provider[\"registry.terraform.io/hashicorp/aws\"]",
      "instances": [
        {
          "schema_version": 0,
          "attributes": {
            "capacity_provider_strategy": [],
            "cluster": "arn:aws:ecs:eu-west-3:120523844784:cluster/toh-cluster",
            "deployment_controller": [
              {
                "type": "ECS"
              }
            ],
            "deployment_maximum_percent": 100,
            "deployment_minimum_healthy_percent": 0,
            "desired_count": 2,
            "enable_ecs_managed_tags": false,
            "force_new_deployment": null,
            "health_check_grace_period_seconds": 0,
            "iam_role": "aws-service-role",
            "id": "arn:aws:ecs:eu-west-3:120523844784:service/toh-cluster/toh-service-backend",
            "launch_type": "FARGATE",
            "load_balancer": [
              {
                "container_name": "toh-backend",
                "container_port": 3000,
                "elb_name": "",
                "target_group_arn": "arn:aws:elasticloadbalancing:eu-west-3:120523844784:targetgroup/toh-lb-tg-backend/0f89d9eb49f35fff"
              }
            ],
            "name": "toh-service-backend",
            "network_configuration": [
              {
                "assign_public_ip": true,
                "security_groups": [
                  "sg-0a4255a0c728fdbb6"
                ],
                "subnets": [
                  "subnet-06f6e0ebd1ebd1108",
                  "subnet-0b7b79cc5d01153c9"
                ]
              }
            ],
            "ordered_placement_strategy": [],
            "placement_constraints": [],
            "placement_strategy": [],
            "platform_version": "LATEST",
            "propagate_tags": "NONE",
            "scheduling_strategy": "REPLICA",
            "service_registries": [],
            "tags": {},
            "task_definition": "backend:1",
            "timeouts": null
          },
          "sensitive_attributes": [],
          "private": "eyJlMmJmYjczMC1lY2FhLTExZTYtOGY4OC0zNDM2M2JjN2M0YzAiOnsiZGVsZXRlIjoxMjAwMDAwMDAwMDAwfX0=",
          "dependencies": [
            "module.toh.aws_ecs_cluster.cluster",
            "module.toh.aws_ecs_task_definition.backend",
            "module.toh.aws_lb_target_group.lb_tg_backend",
            "module.toh.aws_security_group.sg_service_backend",
            "module.toh.aws_subnet.vpc_subnet_1",
            "module.toh.aws_subnet.vpc_subnet_2"
          ]
        }
      ]
    },
    {
      "module": "module.toh",
      "mode": "managed",
      "type": "aws_ecs_service",
      "name": "service_frontend",
      "provider": "provider[\"registry.terraform.io/hashicorp/aws\"]",
      "instances": [
        {
          "schema_version": 0,
          "attributes": {
            "capacity_provider_strategy": [],
            "cluster": "arn:aws:ecs:eu-west-3:120523844784:cluster/toh-cluster",
            "deployment_controller": [
              {
                "type": "ECS"
              }
            ],
            "deployment_maximum_percent": 100,
            "deployment_minimum_healthy_percent": 0,
            "desired_count": 2,
            "enable_ecs_managed_tags": false,
            "force_new_deployment": null,
            "health_check_grace_period_seconds": 0,
            "iam_role": "aws-service-role",
            "id": "arn:aws:ecs:eu-west-3:120523844784:service/toh-cluster/toh-service-frontend",
            "launch_type": "FARGATE",
            "load_balancer": [
              {
                "container_name": "toh-frontend",
                "container_port": 80,
                "elb_name": "",
                "target_group_arn": "arn:aws:elasticloadbalancing:eu-west-3:120523844784:targetgroup/toh-lb-tg-frontend/131b95f3a3098ef1"
              }
            ],
            "name": "toh-service-frontend",
            "network_configuration": [
              {
                "assign_public_ip": true,
                "security_groups": [
                  "sg-097afeb474731a7f6"
                ],
                "subnets": [
                  "subnet-06f6e0ebd1ebd1108",
                  "subnet-0b7b79cc5d01153c9"
                ]
              }
            ],
            "ordered_placement_strategy": [],
            "placement_constraints": [],
            "placement_strategy": [],
            "platform_version": "LATEST",
            "propagate_tags": "NONE",
            "scheduling_strategy": "REPLICA",
            "service_registries": [],
            "tags": null,
            "task_definition": "toh-frontend:41",
            "timeouts": null
          },
          "sensitive_attributes": [],
          "private": "eyJlMmJmYjczMC1lY2FhLTExZTYtOGY4OC0zNDM2M2JjN2M0YzAiOnsiZGVsZXRlIjoxMjAwMDAwMDAwMDAwfX0=",
          "dependencies": [
            "module.toh.aws_ecs_cluster.cluster",
            "module.toh.aws_ecs_task_definition.frontend",
            "module.toh.aws_lb_target_group.lb_tg_frontend",
            "module.toh.aws_security_group.sg_service_frontend",
            "module.toh.aws_subnet.vpc_subnet_1",
            "module.toh.aws_subnet.vpc_subnet_2",
            "module.toh.aws_vpc.vpc"
          ]
        }
      ]
    },
    {
      "module": "module.toh",
      "mode": "managed",
      "type": "aws_ecs_task_definition",
      "name": "backend",
      "provider": "provider[\"registry.terraform.io/hashicorp/aws\"]",
      "instances": [
        {
          "schema_version": 1,
          "attributes": {
            "arn": "arn:aws:ecs:eu-west-3:120523844784:task-definition/backend:1",
            "container_definitions": "[{\"cpu\":10,\"environment\":[],\"essential\":true,\"image\":\"120523844784.dkr.ecr.eu-west-3.amazonaws.com/toh-backend\",\"memory\":512,\"mountPoints\":[],\"name\":\"toh-backend\",\"portMappings\":[{\"containerPort\":3000,\"hostPort\":3000,\"protocol\":\"tcp\"}],\"volumesFrom\":[]}]",
            "cpu": "256",
            "execution_role_arn": "arn:aws:iam::120523844784:role/ecsTaskExecutionRole",
            "family": "backend",
            "id": "backend",
            "inference_accelerator": [],
            "ipc_mode": "",
            "memory": "1024",
            "network_mode": "awsvpc",
            "pid_mode": "",
            "placement_constraints": [],
            "proxy_configuration": [],
            "requires_compatibilities": [
              "FARGATE"
            ],
            "revision": 1,
            "tags": {},
            "task_role_arn": "",
            "volume": []
          },
          "sensitive_attributes": [],
          "private": "eyJzY2hlbWFfdmVyc2lvbiI6IjEifQ==",
          "dependencies": [
            "module.toh.aws_ecr_repository.ecr_backend",
            "module.toh.data.aws_iam_role.ecs_task_execution_role"
          ]
        }
      ]
    },
    {
      "module": "module.toh",
      "mode": "managed",
      "type": "aws_ecs_task_definition",
      "name": "frontend",
      "provider": "provider[\"registry.terraform.io/hashicorp/aws\"]",
      "instances": [
        {
          "schema_version": 1,
          "attributes": {
            "arn": "arn:aws:ecs:eu-west-3:120523844784:task-definition/toh-frontend:41",
            "container_definitions": "[{\"cpu\":10,\"environment\":[],\"essential\":true,\"image\":\"120523844784.dkr.ecr.eu-west-3.amazonaws.com/toh-frontend\",\"memory\":512,\"mountPoints\":[],\"name\":\"toh-frontend\",\"portMappings\":[{\"containerPort\":80,\"hostPort\":80,\"protocol\":\"tcp\"}],\"volumesFrom\":[]}]",
            "cpu": "256",
            "execution_role_arn": "arn:aws:iam::120523844784:role/ecsTaskExecutionRole",
            "family": "toh-frontend",
            "id": "toh-frontend",
            "inference_accelerator": [],
            "ipc_mode": "",
            "memory": "1024",
            "network_mode": "awsvpc",
            "pid_mode": "",
            "placement_constraints": [],
            "proxy_configuration": [],
            "requires_compatibilities": [
              "FARGATE"
            ],
            "revision": 41,
            "tags": {},
            "task_role_arn": "",
            "volume": []
          },
          "sensitive_attributes": [],
          "private": "eyJzY2hlbWFfdmVyc2lvbiI6IjEifQ==",
          "dependencies": [
            "module.toh.aws_ecr_repository.ecr_frontend",
            "module.toh.data.aws_iam_role.ecs_task_execution_role"
          ]
        }
      ]
    },
    {
      "module": "module.toh",
      "mode": "managed",
      "type": "aws_iam_policy",
      "name": "codebuild_project_backend_policy",
      "provider": "provider[\"registry.terraform.io/hashicorp/aws\"]",
      "instances": [
        {
          "schema_version": 0,
          "attributes": {
            "arn": "arn:aws:iam::120523844784:policy/toh-codebuild-project-backend-policy",
            "description": "",
            "id": "arn:aws:iam::120523844784:policy/toh-codebuild-project-backend-policy",
            "name": "toh-codebuild-project-backend-policy",
            "name_prefix": null,
            "path": "/",
            "policy": "{\n  \"Version\": \"2012-10-17\",\n  \"Statement\": [\n    {\n      \"Sid\": \"\",\n      \"Effect\": \"Allow\",\n      \"Action\": [\n        \"logs:PutLogEvents\",\n        \"logs:CreateLogStream\",\n        \"logs:CreateLogGroup\",\n        \"ecr:UploadLayerPart\",\n        \"ecr:PutImage\",\n        \"ecr:ListImages\",\n        \"ecr:InitiateLayerUpload\",\n        \"ecr:GetDownloadUrlForLayer\",\n        \"ecr:GetAuthorizationToken\",\n        \"ecr:DescribeRepositories\",\n        \"ecr:DescribeImages\",\n        \"ecr:CompleteLayerUpload\",\n        \"ecr:BatchGetImage\",\n        \"ecr:BatchCheckLayerAvailability\",\n        \"codebuild:Updatereport\",\n        \"codebuild:CreateReportGroup\",\n        \"codebuild:CreateReport\",\n        \"codebuild:BatchPutTestCases\",\n        \"codebuild:BatchPutCodeCoverages\"\n      ],\n      \"Resource\": \"*\"\n    },\n    {\n      \"Sid\": \"\",\n      \"Effect\": \"Allow\",\n      \"Action\": [\n        \"s3:PutObject\",\n        \"s3:GetObjectVersion\",\n        \"s3:GetObject\",\n        \"s3:GetBucketLocation\",\n        \"s3:GetBucketAcl\"\n      ],\n      \"Resource\": [\n        \"arn:aws:s3:::toh-pipeline-bucket-1/*\",\n        \"arn:aws:s3:::toh-pipeline-bucket-1\"\n      ]\n    }\n  ]\n}"
          },
          "sensitive_attributes": [],
          "private": "bnVsbA==",
          "dependencies": [
            "module.toh.aws_s3_bucket.pipeline_bucket",
            "module.toh.data.aws_iam_policy_document.policies_backend"
          ]
        }
      ]
    },
    {
      "module": "module.toh",
      "mode": "managed",
      "type": "aws_iam_policy",
      "name": "codebuild_project_frontend_policy",
      "provider": "provider[\"registry.terraform.io/hashicorp/aws\"]",
      "instances": [
        {
          "schema_version": 0,
          "attributes": {
            "arn": "arn:aws:iam::120523844784:policy/toh-codebuild-project-frontend-policy",
            "description": "",
            "id": "arn:aws:iam::120523844784:policy/toh-codebuild-project-frontend-policy",
            "name": "toh-codebuild-project-frontend-policy",
            "name_prefix": null,
            "path": "/",
            "policy": "{\n  \"Version\": \"2012-10-17\",\n  \"Statement\": [\n    {\n      \"Sid\": \"\",\n      \"Effect\": \"Allow\",\n      \"Action\": [\n        \"logs:PutLogEvents\",\n        \"logs:CreateLogStream\",\n        \"logs:CreateLogGroup\",\n        \"ecr:UploadLayerPart\",\n        \"ecr:PutImage\",\n        \"ecr:ListImages\",\n        \"ecr:InitiateLayerUpload\",\n        \"ecr:GetDownloadUrlForLayer\",\n        \"ecr:GetAuthorizationToken\",\n        \"ecr:DescribeRepositories\",\n        \"ecr:DescribeImages\",\n        \"ecr:CompleteLayerUpload\",\n        \"ecr:BatchGetImage\",\n        \"ecr:BatchCheckLayerAvailability\",\n        \"codebuild:Updatereport\",\n        \"codebuild:CreateReportGroup\",\n        \"codebuild:CreateReport\",\n        \"codebuild:BatchPutTestCases\",\n        \"codebuild:BatchPutCodeCoverages\"\n      ],\n      \"Resource\": \"*\"\n    },\n    {\n      \"Sid\": \"\",\n      \"Effect\": \"Allow\",\n      \"Action\": [\n        \"s3:PutObject\",\n        \"s3:GetObjectVersion\",\n        \"s3:GetObject\",\n        \"s3:GetBucketLocation\",\n        \"s3:GetBucketAcl\"\n      ],\n      \"Resource\": [\n        \"arn:aws:s3:::toh-pipeline-bucket-1/*\",\n        \"arn:aws:s3:::toh-pipeline-bucket-1\"\n      ]\n    }\n  ]\n}"
          },
          "sensitive_attributes": [],
          "private": "bnVsbA==",
          "dependencies": [
            "module.toh.aws_s3_bucket.pipeline_bucket",
            "module.toh.data.aws_iam_policy_document.policies_frontend"
          ]
        }
      ]
    },
    {
      "module": "module.toh",
      "mode": "managed",
      "type": "aws_iam_policy",
      "name": "pipeline_policy_1",
      "provider": "provider[\"registry.terraform.io/hashicorp/aws\"]",
      "instances": [
        {
          "schema_version": 0,
          "attributes": {
            "arn": "arn:aws:iam::120523844784:policy/toh-pipeline-policy-1",
            "description": "",
            "id": "arn:aws:iam::120523844784:policy/toh-pipeline-policy-1",
            "name": "toh-pipeline-policy-1",
            "name_prefix": null,
            "path": "/",
            "policy": "{\n  \"Version\": \"2012-10-17\",\n  \"Statement\": [\n    {\n      \"Sid\": \"\",\n      \"Effect\": \"Allow\",\n      \"Action\": [\n        \"sqs:*\",\n        \"sns:*\",\n        \"rds:*\",\n        \"iam:PassRole\",\n        \"elasticloadbalancing:*\",\n        \"elasticbeanstalk:*\",\n        \"ecs:*\",\n        \"ec2:*\",\n        \"codestar-connections:UseConnection\",\n        \"codedeploy:RegisterApplicationRevision\",\n        \"codedeploy:GetDeploymentConfig\",\n        \"codedeploy:GetDeployment\",\n        \"codedeploy:GetApplicationRevision\",\n        \"codedeploy:GetApplication\",\n        \"codedeploy:CreateDeployment\",\n        \"codebuild:StartBuildBatch\",\n        \"codebuild:StartBuild\",\n        \"codebuild:BatchGetBuilds\",\n        \"codebuild:BatchGetBuildBatches\",\n        \"cloudwatch:*\",\n        \"cloudformation:*\",\n        \"autoscaling:*\"\n      ],\n      \"Resource\": \"*\"\n    },\n    {\n      \"Sid\": \"\",\n      \"Effect\": \"Allow\",\n      \"Action\": \"s3:*\",\n      \"Resource\": [\n        \"arn:aws:s3:::toh-pipeline-bucket-1/*\",\n        \"arn:aws:s3:::toh-pipeline-bucket-1\"\n      ]\n    }\n  ]\n}"
          },
          "sensitive_attributes": [],
          "private": "bnVsbA==",
          "dependencies": [
            "module.toh.aws_s3_bucket.pipeline_bucket",
            "module.toh.data.aws_iam_policy_document.policies"
          ]
        }
      ]
    },
    {
      "module": "module.toh",
      "mode": "managed",
      "type": "aws_iam_policy_attachment",
      "name": "iam_attachement_1",
      "provider": "provider[\"registry.terraform.io/hashicorp/aws\"]",
      "instances": [
        {
          "schema_version": 0,
          "attributes": {
            "groups": [],
            "id": "toh-iam-attachement-1",
            "name": "toh-iam-attachement-1",
            "policy_arn": "arn:aws:iam::120523844784:policy/toh-pipeline-policy-1",
            "roles": [
              "toh-pipeline-iam-role-1"
            ],
            "users": []
          },
          "sensitive_attributes": [],
          "private": "bnVsbA==",
          "dependencies": [
            "module.toh.aws_iam_policy.pipeline_policy_1",
            "module.toh.aws_iam_role.pipeline_iam_role_1",
            "module.toh.aws_s3_bucket.pipeline_bucket",
            "module.toh.data.aws_iam_policy_document.pipeline_assume_role",
            "module.toh.data.aws_iam_policy_document.policies"
          ]
        }
      ]
    },
    {
      "module": "module.toh",
      "mode": "managed",
      "type": "aws_iam_policy_attachment",
      "name": "iam_attachement_project_backend",
      "provider": "provider[\"registry.terraform.io/hashicorp/aws\"]",
      "instances": [
        {
          "schema_version": 0,
          "attributes": {
            "groups": [],
            "id": "toh-iam-attachement-project-backend",
            "name": "toh-iam-attachement-project-backend",
            "policy_arn": "arn:aws:iam::120523844784:policy/toh-codebuild-project-backend-policy",
            "roles": [
              "toh-codebuild-project-bakcend-role"
            ],
            "users": []
          },
          "sensitive_attributes": [],
          "private": "bnVsbA==",
          "dependencies": [
            "module.toh.aws_iam_policy.codebuild_project_backend_policy",
            "module.toh.aws_iam_role.codebuild_project_backend_role",
            "module.toh.aws_s3_bucket.pipeline_bucket",
            "module.toh.data.aws_iam_policy_document.codebuild_assume_role",
            "module.toh.data.aws_iam_policy_document.policies_backend"
          ]
        }
      ]
    },
    {
      "module": "module.toh",
      "mode": "managed",
      "type": "aws_iam_policy_attachment",
      "name": "iam_attachement_project_frontend",
      "provider": "provider[\"registry.terraform.io/hashicorp/aws\"]",
      "instances": [
        {
          "schema_version": 0,
          "attributes": {
            "groups": [],
            "id": "toh-iam-attachement-project-frontend",
            "name": "toh-iam-attachement-project-frontend",
            "policy_arn": "arn:aws:iam::120523844784:policy/toh-codebuild-project-frontend-policy",
            "roles": [
              "toh-codebuild-project-frontend-role"
            ],
            "users": []
          },
          "sensitive_attributes": [],
          "private": "bnVsbA==",
          "dependencies": [
            "module.toh.aws_iam_policy.codebuild_project_frontend_policy",
            "module.toh.aws_iam_role.codebuild_project_frontend_role",
            "module.toh.aws_s3_bucket.pipeline_bucket",
            "module.toh.data.aws_iam_policy_document.codebuild_assume_role",
            "module.toh.data.aws_iam_policy_document.policies_frontend"
          ]
        }
      ]
    },
    {
      "module": "module.toh",
      "mode": "managed",
      "type": "aws_iam_role",
      "name": "codebuild_project_backend_role",
      "provider": "provider[\"registry.terraform.io/hashicorp/aws\"]",
      "instances": [
        {
          "schema_version": 0,
          "attributes": {
            "arn": "arn:aws:iam::120523844784:role/toh-codebuild-project-bakcend-role",
            "assume_role_policy": "{\"Version\":\"2012-10-17\",\"Statement\":[{\"Sid\":\"\",\"Effect\":\"Allow\",\"Principal\":{\"Service\":\"codebuild.amazonaws.com\"},\"Action\":\"sts:AssumeRole\"}]}",
            "create_date": "2021-03-07T12:58:07Z",
            "description": "",
            "force_detach_policies": false,
            "id": "toh-codebuild-project-bakcend-role",
            "max_session_duration": 3600,
            "name": "toh-codebuild-project-bakcend-role",
            "name_prefix": null,
            "path": "/",
            "permissions_boundary": null,
            "tags": {},
            "unique_id": "AROARYD6H5SYG5SSTNWSJ"
          },
          "sensitive_attributes": [],
          "private": "bnVsbA==",
          "dependencies": [
            "module.toh.data.aws_iam_policy_document.codebuild_assume_role"
          ]
        }
      ]
    },
    {
      "module": "module.toh",
      "mode": "managed",
      "type": "aws_iam_role",
      "name": "codebuild_project_frontend_role",
      "provider": "provider[\"registry.terraform.io/hashicorp/aws\"]",
      "instances": [
        {
          "schema_version": 0,
          "attributes": {
            "arn": "arn:aws:iam::120523844784:role/toh-codebuild-project-frontend-role",
            "assume_role_policy": "{\"Version\":\"2012-10-17\",\"Statement\":[{\"Sid\":\"\",\"Effect\":\"Allow\",\"Principal\":{\"Service\":\"codebuild.amazonaws.com\"},\"Action\":\"sts:AssumeRole\"}]}",
            "create_date": "2021-03-07T12:58:07Z",
            "description": "",
            "force_detach_policies": false,
            "id": "toh-codebuild-project-frontend-role",
            "max_session_duration": 3600,
            "name": "toh-codebuild-project-frontend-role",
            "name_prefix": null,
            "path": "/",
            "permissions_boundary": null,
            "tags": {},
            "unique_id": "AROARYD6H5SYCFW3VWRVH"
          },
          "sensitive_attributes": [],
          "private": "bnVsbA==",
          "dependencies": [
            "module.toh.data.aws_iam_policy_document.codebuild_assume_role"
          ]
        }
      ]
    },
    {
      "module": "module.toh",
      "mode": "managed",
      "type": "aws_iam_role",
      "name": "pipeline_iam_role_1",
      "provider": "provider[\"registry.terraform.io/hashicorp/aws\"]",
      "instances": [
        {
          "schema_version": 0,
          "attributes": {
            "arn": "arn:aws:iam::120523844784:role/toh-pipeline-iam-role-1",
            "assume_role_policy": "{\"Version\":\"2012-10-17\",\"Statement\":[{\"Sid\":\"\",\"Effect\":\"Allow\",\"Principal\":{\"Service\":\"codepipeline.amazonaws.com\"},\"Action\":\"sts:AssumeRole\"}]}",
            "create_date": "2021-03-07T12:58:07Z",
            "description": "",
            "force_detach_policies": false,
            "id": "toh-pipeline-iam-role-1",
            "max_session_duration": 3600,
            "name": "toh-pipeline-iam-role-1",
            "name_prefix": null,
            "path": "/",
            "permissions_boundary": null,
            "tags": {},
            "unique_id": "AROARYD6H5SYNZO5SUWRH"
          },
          "sensitive_attributes": [],
          "private": "bnVsbA==",
          "dependencies": [
            "module.toh.data.aws_iam_policy_document.pipeline_assume_role"
          ]
        }
      ]
    },
    {
      "module": "module.toh",
      "mode": "managed",
      "type": "aws_internet_gateway",
      "name": "vpc_internet_gateway",
      "provider": "provider[\"registry.terraform.io/hashicorp/aws\"]",
      "instances": [
        {
          "schema_version": 0,
          "attributes": {
            "arn": "arn:aws:ec2:eu-west-3:120523844784:internet-gateway/igw-09c399bb1d87c72fd",
            "id": "igw-09c399bb1d87c72fd",
            "owner_id": "120523844784",
            "tags": {
              "Name": "toh-vpc-internet-gateway"
            },
            "vpc_id": "vpc-0e57d6e8af7b2b868"
          },
          "sensitive_attributes": [],
          "private": "bnVsbA==",
          "dependencies": [
            "module.toh.aws_vpc.vpc"
          ]
        }
      ]
    },
    {
      "module": "module.toh",
      "mode": "managed",
      "type": "aws_lb",
      "name": "lb_backend",
      "provider": "provider[\"registry.terraform.io/hashicorp/aws\"]",
      "instances": [
        {
          "schema_version": 0,
          "attributes": {
            "access_logs": [
              {
                "bucket": "",
                "enabled": false,
                "prefix": ""
              }
            ],
            "arn": "arn:aws:elasticloadbalancing:eu-west-3:120523844784:loadbalancer/app/toh-lb-backend/49154ead1a90687f",
            "arn_suffix": "app/toh-lb-backend/49154ead1a90687f",
            "dns_name": "toh-lb-backend-795226363.eu-west-3.elb.amazonaws.com",
            "drop_invalid_header_fields": false,
            "enable_cross_zone_load_balancing": null,
            "enable_deletion_protection": false,
            "enable_http2": true,
            "id": "arn:aws:elasticloadbalancing:eu-west-3:120523844784:loadbalancer/app/toh-lb-backend/49154ead1a90687f",
            "idle_timeout": 60,
            "internal": false,
            "ip_address_type": "ipv4",
            "load_balancer_type": "application",
            "name": "toh-lb-backend",
            "name_prefix": null,
            "security_groups": [
              "sg-041d3d30c105a1b88"
            ],
            "subnet_mapping": [
              {
                "allocation_id": "",
                "subnet_id": "subnet-06f6e0ebd1ebd1108"
              },
              {
                "allocation_id": "",
                "subnet_id": "subnet-0b7b79cc5d01153c9"
              }
            ],
            "subnets": [
              "subnet-06f6e0ebd1ebd1108",
              "subnet-0b7b79cc5d01153c9"
            ],
            "tags": {},
            "timeouts": null,
            "vpc_id": "vpc-0e57d6e8af7b2b868",
            "zone_id": "Z3Q77PNBQS71R4"
          },
          "sensitive_attributes": [],
          "private": "eyJlMmJmYjczMC1lY2FhLTExZTYtOGY4OC0zNDM2M2JjN2M0YzAiOnsiY3JlYXRlIjo2MDAwMDAwMDAwMDAsImRlbGV0ZSI6NjAwMDAwMDAwMDAwLCJ1cGRhdGUiOjYwMDAwMDAwMDAwMH19",
          "dependencies": [
            "module.toh.aws_security_group.sg_lb_backend",
            "module.toh.aws_subnet.vpc_subnet_1",
            "module.toh.aws_subnet.vpc_subnet_2",
            "module.toh.aws_vpc.vpc"
          ]
        }
      ]
    },
    {
      "module": "module.toh",
      "mode": "managed",
      "type": "aws_lb",
      "name": "lb_frontend",
      "provider": "provider[\"registry.terraform.io/hashicorp/aws\"]",
      "instances": [
        {
          "schema_version": 0,
          "attributes": {
            "access_logs": [
              {
                "bucket": "",
                "enabled": false,
                "prefix": ""
              }
            ],
            "arn": "arn:aws:elasticloadbalancing:eu-west-3:120523844784:loadbalancer/app/toh-lb-frontend/e1fb94074ba7fd2d",
            "arn_suffix": "app/toh-lb-frontend/e1fb94074ba7fd2d",
            "dns_name": "toh-lb-frontend-1415484953.eu-west-3.elb.amazonaws.com",
            "drop_invalid_header_fields": false,
            "enable_cross_zone_load_balancing": null,
            "enable_deletion_protection": false,
            "enable_http2": true,
            "id": "arn:aws:elasticloadbalancing:eu-west-3:120523844784:loadbalancer/app/toh-lb-frontend/e1fb94074ba7fd2d",
            "idle_timeout": 60,
            "internal": false,
            "ip_address_type": "ipv4",
            "load_balancer_type": "application",
            "name": "toh-lb-frontend",
            "name_prefix": null,
            "security_groups": [
              "sg-01f78e779d639a50c"
            ],
            "subnet_mapping": [
              {
                "allocation_id": "",
                "subnet_id": "subnet-06f6e0ebd1ebd1108"
              },
              {
                "allocation_id": "",
                "subnet_id": "subnet-0b7b79cc5d01153c9"
              }
            ],
            "subnets": [
              "subnet-06f6e0ebd1ebd1108",
              "subnet-0b7b79cc5d01153c9"
            ],
            "tags": {},
            "timeouts": null,
            "vpc_id": "vpc-0e57d6e8af7b2b868",
            "zone_id": "Z3Q77PNBQS71R4"
          },
          "sensitive_attributes": [],
          "private": "eyJlMmJmYjczMC1lY2FhLTExZTYtOGY4OC0zNDM2M2JjN2M0YzAiOnsiY3JlYXRlIjo2MDAwMDAwMDAwMDAsImRlbGV0ZSI6NjAwMDAwMDAwMDAwLCJ1cGRhdGUiOjYwMDAwMDAwMDAwMH19",
          "dependencies": [
            "module.toh.aws_security_group.sg_lb_frontend",
            "module.toh.aws_subnet.vpc_subnet_1",
            "module.toh.aws_subnet.vpc_subnet_2",
            "module.toh.aws_vpc.vpc"
          ]
        }
      ]
    },
    {
      "module": "module.toh",
      "mode": "managed",
      "type": "aws_lb_listener",
      "name": "lb_listener_backend",
      "provider": "provider[\"registry.terraform.io/hashicorp/aws\"]",
      "instances": [
        {
          "schema_version": 0,
          "attributes": {
            "arn": "arn:aws:elasticloadbalancing:eu-west-3:120523844784:listener/app/toh-lb-backend/49154ead1a90687f/d55221e3b7154cbc",
            "certificate_arn": null,
            "default_action": [
              {
                "authenticate_cognito": [],
                "authenticate_oidc": [],
                "fixed_response": [],
                "forward": [],
                "order": 1,
                "redirect": [],
                "target_group_arn": "arn:aws:elasticloadbalancing:eu-west-3:120523844784:targetgroup/toh-lb-tg-backend/0f89d9eb49f35fff",
                "type": "forward"
              }
            ],
            "id": "arn:aws:elasticloadbalancing:eu-west-3:120523844784:listener/app/toh-lb-backend/49154ead1a90687f/d55221e3b7154cbc",
            "load_balancer_arn": "arn:aws:elasticloadbalancing:eu-west-3:120523844784:loadbalancer/app/toh-lb-backend/49154ead1a90687f",
            "port": 3000,
            "protocol": "HTTP",
            "ssl_policy": "",
            "timeouts": null
          },
          "sensitive_attributes": [],
          "private": "eyJlMmJmYjczMC1lY2FhLTExZTYtOGY4OC0zNDM2M2JjN2M0YzAiOnsicmVhZCI6NjAwMDAwMDAwMDAwfX0=",
          "dependencies": [
            "module.toh.aws_lb.lb_backend",
            "module.toh.aws_lb_target_group.lb_tg_backend",
            "module.toh.aws_security_group.sg_lb_backend",
            "module.toh.aws_subnet.vpc_subnet_1",
            "module.toh.aws_subnet.vpc_subnet_2",
            "module.toh.aws_vpc.vpc"
          ]
        }
      ]
    },
    {
      "module": "module.toh",
      "mode": "managed",
      "type": "aws_lb_listener",
      "name": "lb_listener_frontend",
      "provider": "provider[\"registry.terraform.io/hashicorp/aws\"]",
      "instances": [
        {
          "schema_version": 0,
          "attributes": {
            "arn": "arn:aws:elasticloadbalancing:eu-west-3:120523844784:listener/app/toh-lb-frontend/e1fb94074ba7fd2d/f78943a17bd5a0eb",
            "certificate_arn": null,
            "default_action": [
              {
                "authenticate_cognito": [],
                "authenticate_oidc": [],
                "fixed_response": [],
                "forward": [],
                "order": 1,
                "redirect": [],
                "target_group_arn": "arn:aws:elasticloadbalancing:eu-west-3:120523844784:targetgroup/toh-lb-tg-frontend/131b95f3a3098ef1",
                "type": "forward"
              }
            ],
            "id": "arn:aws:elasticloadbalancing:eu-west-3:120523844784:listener/app/toh-lb-frontend/e1fb94074ba7fd2d/f78943a17bd5a0eb",
            "load_balancer_arn": "arn:aws:elasticloadbalancing:eu-west-3:120523844784:loadbalancer/app/toh-lb-frontend/e1fb94074ba7fd2d",
            "port": 80,
            "protocol": "HTTP",
            "ssl_policy": "",
            "timeouts": null
          },
          "sensitive_attributes": [],
          "private": "eyJlMmJmYjczMC1lY2FhLTExZTYtOGY4OC0zNDM2M2JjN2M0YzAiOnsicmVhZCI6NjAwMDAwMDAwMDAwfX0=",
          "dependencies": [
            "module.toh.aws_lb.lb_frontend",
            "module.toh.aws_lb_target_group.lb_tg_frontend",
            "module.toh.aws_security_group.sg_lb_frontend",
            "module.toh.aws_subnet.vpc_subnet_1",
            "module.toh.aws_subnet.vpc_subnet_2",
            "module.toh.aws_vpc.vpc"
          ]
        }
      ]
    },
    {
      "module": "module.toh",
      "mode": "managed",
      "type": "aws_lb_target_group",
      "name": "lb_tg_backend",
      "provider": "provider[\"registry.terraform.io/hashicorp/aws\"]",
      "instances": [
        {
          "schema_version": 0,
          "attributes": {
            "arn": "arn:aws:elasticloadbalancing:eu-west-3:120523844784:targetgroup/toh-lb-tg-backend/0f89d9eb49f35fff",
            "arn_suffix": "targetgroup/toh-lb-tg-backend/0f89d9eb49f35fff",
            "deregistration_delay": 300,
            "health_check": [
              {
                "enabled": true,
                "healthy_threshold": 5,
                "interval": 30,
                "matcher": "200",
                "path": "/",
                "port": "traffic-port",
                "protocol": "HTTP",
                "timeout": 5,
                "unhealthy_threshold": 2
              }
            ],
            "id": "arn:aws:elasticloadbalancing:eu-west-3:120523844784:targetgroup/toh-lb-tg-backend/0f89d9eb49f35fff",
            "lambda_multi_value_headers_enabled": false,
            "load_balancing_algorithm_type": "round_robin",
            "name": "toh-lb-tg-backend",
            "name_prefix": null,
            "port": 3000,
            "protocol": "HTTP",
            "proxy_protocol_v2": false,
            "slow_start": 0,
            "stickiness": [
              {
                "cookie_duration": 86400,
                "enabled": false,
                "type": "lb_cookie"
              }
            ],
            "tags": {},
            "target_type": "ip",
            "vpc_id": "vpc-0e57d6e8af7b2b868"
          },
          "sensitive_attributes": [],
          "private": "bnVsbA==",
          "dependencies": [
            "module.toh.aws_vpc.vpc"
          ]
        }
      ]
    },
    {
      "module": "module.toh",
      "mode": "managed",
      "type": "aws_lb_target_group",
      "name": "lb_tg_frontend",
      "provider": "provider[\"registry.terraform.io/hashicorp/aws\"]",
      "instances": [
        {
          "schema_version": 0,
          "attributes": {
            "arn": "arn:aws:elasticloadbalancing:eu-west-3:120523844784:targetgroup/toh-lb-tg-frontend/131b95f3a3098ef1",
            "arn_suffix": "targetgroup/toh-lb-tg-frontend/131b95f3a3098ef1",
            "deregistration_delay": 300,
            "health_check": [
              {
                "enabled": true,
                "healthy_threshold": 5,
                "interval": 30,
                "matcher": "200",
                "path": "/",
                "port": "traffic-port",
                "protocol": "HTTP",
                "timeout": 5,
                "unhealthy_threshold": 2
              }
            ],
            "id": "arn:aws:elasticloadbalancing:eu-west-3:120523844784:targetgroup/toh-lb-tg-frontend/131b95f3a3098ef1",
            "lambda_multi_value_headers_enabled": false,
            "load_balancing_algorithm_type": "round_robin",
            "name": "toh-lb-tg-frontend",
            "name_prefix": null,
            "port": 80,
            "protocol": "HTTP",
            "proxy_protocol_v2": false,
            "slow_start": 0,
            "stickiness": [
              {
                "cookie_duration": 86400,
                "enabled": false,
                "type": "lb_cookie"
              }
            ],
            "tags": {},
            "target_type": "ip",
            "vpc_id": "vpc-0e57d6e8af7b2b868"
          },
          "sensitive_attributes": [],
          "private": "bnVsbA==",
          "dependencies": [
            "module.toh.aws_vpc.vpc"
          ]
        }
      ]
    },
    {
      "module": "module.toh",
      "mode": "managed",
      "type": "aws_route",
      "name": "vpc_route_table_gateway",
      "provider": "provider[\"registry.terraform.io/hashicorp/aws\"]",
      "instances": [
        {
          "schema_version": 0,
          "attributes": {
            "destination_cidr_block": "0.0.0.0/0",
            "destination_ipv6_cidr_block": "",
            "destination_prefix_list_id": "",
            "egress_only_gateway_id": "",
            "gateway_id": "igw-09c399bb1d87c72fd",
            "id": "r-rtb-0b3a12f9b773111671080289494",
            "instance_id": "",
            "instance_owner_id": "",
            "nat_gateway_id": "",
            "network_interface_id": "",
            "origin": "CreateRoute",
            "route_table_id": "rtb-0b3a12f9b77311167",
            "state": "active",
            "timeouts": null,
            "transit_gateway_id": "",
            "vpc_peering_connection_id": ""
          },
          "sensitive_attributes": [],
          "private": "eyJlMmJmYjczMC1lY2FhLTExZTYtOGY4OC0zNDM2M2JjN2M0YzAiOnsiY3JlYXRlIjoxMjAwMDAwMDAwMDAsImRlbGV0ZSI6MzAwMDAwMDAwMDAwfX0=",
          "dependencies": [
            "module.toh.aws_internet_gateway.vpc_internet_gateway",
            "module.toh.aws_vpc.vpc"
          ]
        }
      ]
    },
    {
      "module": "module.toh",
      "mode": "managed",
      "type": "aws_s3_bucket",
      "name": "pipeline_bucket",
      "provider": "provider[\"registry.terraform.io/hashicorp/aws\"]",
      "instances": [
        {
          "schema_version": 0,
          "attributes": {
            "acceleration_status": "",
            "acl": "private",
            "arn": "arn:aws:s3:::toh-pipeline-bucket-1",
            "bucket": "toh-pipeline-bucket-1",
            "bucket_domain_name": "toh-pipeline-bucket-1.s3.amazonaws.com",
            "bucket_prefix": null,
            "bucket_regional_domain_name": "toh-pipeline-bucket-1.s3.eu-west-3.amazonaws.com",
            "cors_rule": [],
            "force_destroy": true,
            "grant": [],
            "hosted_zone_id": "Z3R1K369G5AVDG",
            "id": "toh-pipeline-bucket-1",
            "lifecycle_rule": [],
            "logging": [],
            "object_lock_configuration": [],
            "policy": null,
            "region": "eu-west-3",
            "replication_configuration": [],
            "request_payer": "BucketOwner",
            "server_side_encryption_configuration": [],
            "tags": {},
            "versioning": [
              {
                "enabled": false,
                "mfa_delete": false
              }
            ],
            "website": [],
            "website_domain": null,
            "website_endpoint": null
          },
          "sensitive_attributes": [],
          "private": "bnVsbA=="
        }
      ]
    },
    {
      "module": "module.toh",
      "mode": "managed",
      "type": "aws_security_group",
      "name": "sg_lb_backend",
      "provider": "provider[\"registry.terraform.io/hashicorp/aws\"]",
      "instances": [
        {
          "schema_version": 1,
          "attributes": {
            "arn": "arn:aws:ec2:eu-west-3:120523844784:security-group/sg-041d3d30c105a1b88",
            "description": "Managed by Terraform",
            "egress": [
              {
                "cidr_blocks": [
                  "0.0.0.0/0"
                ],
                "description": "",
                "from_port": 0,
                "ipv6_cidr_blocks": [],
                "prefix_list_ids": [],
                "protocol": "-1",
                "security_groups": [],
                "self": false,
                "to_port": 0
              }
            ],
            "id": "sg-041d3d30c105a1b88",
            "ingress": [
              {
                "cidr_blocks": [
                  "0.0.0.0/0"
                ],
                "description": "",
                "from_port": 3000,
                "ipv6_cidr_blocks": [],
                "prefix_list_ids": [],
                "protocol": "tcp",
                "security_groups": [],
                "self": false,
                "to_port": 3000
              }
            ],
            "name": "toh-sg-lb-backend",
            "name_prefix": null,
            "owner_id": "120523844784",
            "revoke_rules_on_delete": false,
            "tags": {},
            "timeouts": null,
            "vpc_id": "vpc-0e57d6e8af7b2b868"
          },
          "sensitive_attributes": [],
          "private": "eyJlMmJmYjczMC1lY2FhLTExZTYtOGY4OC0zNDM2M2JjN2M0YzAiOnsiY3JlYXRlIjo2MDAwMDAwMDAwMDAsImRlbGV0ZSI6NjAwMDAwMDAwMDAwfSwic2NoZW1hX3ZlcnNpb24iOiIxIn0=",
          "dependencies": [
            "module.toh.aws_vpc.vpc"
          ]
        }
      ]
    },
    {
      "module": "module.toh",
      "mode": "managed",
      "type": "aws_security_group",
      "name": "sg_lb_frontend",
      "provider": "provider[\"registry.terraform.io/hashicorp/aws\"]",
      "instances": [
        {
          "schema_version": 1,
          "attributes": {
            "arn": "arn:aws:ec2:eu-west-3:120523844784:security-group/sg-01f78e779d639a50c",
            "description": "Managed by Terraform",
            "egress": [
              {
                "cidr_blocks": [
                  "0.0.0.0/0"
                ],
                "description": "",
                "from_port": 0,
                "ipv6_cidr_blocks": [],
                "prefix_list_ids": [],
                "protocol": "-1",
                "security_groups": [],
                "self": false,
                "to_port": 0
              }
            ],
            "id": "sg-01f78e779d639a50c",
            "ingress": [
              {
                "cidr_blocks": [
                  "0.0.0.0/0"
                ],
                "description": "",
                "from_port": 80,
                "ipv6_cidr_blocks": [],
                "prefix_list_ids": [],
                "protocol": "tcp",
                "security_groups": [],
                "self": false,
                "to_port": 80
              }
            ],
            "name": "toh-sg-lb-frontend",
            "name_prefix": null,
            "owner_id": "120523844784",
            "revoke_rules_on_delete": false,
            "tags": {},
            "timeouts": null,
            "vpc_id": "vpc-0e57d6e8af7b2b868"
          },
          "sensitive_attributes": [],
          "private": "eyJlMmJmYjczMC1lY2FhLTExZTYtOGY4OC0zNDM2M2JjN2M0YzAiOnsiY3JlYXRlIjo2MDAwMDAwMDAwMDAsImRlbGV0ZSI6NjAwMDAwMDAwMDAwfSwic2NoZW1hX3ZlcnNpb24iOiIxIn0=",
          "dependencies": [
            "module.toh.aws_vpc.vpc"
          ]
        }
      ]
    },
    {
      "module": "module.toh",
      "mode": "managed",
      "type": "aws_security_group",
      "name": "sg_service_backend",
      "provider": "provider[\"registry.terraform.io/hashicorp/aws\"]",
      "instances": [
        {
          "schema_version": 1,
          "attributes": {
            "arn": "arn:aws:ec2:eu-west-3:120523844784:security-group/sg-0a4255a0c728fdbb6",
            "description": "Managed by Terraform",
            "egress": [
              {
                "cidr_blocks": [
                  "0.0.0.0/0"
                ],
                "description": "",
                "from_port": 0,
                "ipv6_cidr_blocks": [],
                "prefix_list_ids": [],
                "protocol": "-1",
                "security_groups": [],
                "self": false,
                "to_port": 0
              }
            ],
            "id": "sg-0a4255a0c728fdbb6",
            "ingress": [
              {
                "cidr_blocks": [
                  "0.0.0.0/0"
                ],
                "description": "",
                "from_port": 3000,
                "ipv6_cidr_blocks": [],
                "prefix_list_ids": [],
                "protocol": "tcp",
                "security_groups": [],
                "self": false,
                "to_port": 3000
              }
            ],
            "name": "toh-sg-service-backend",
            "name_prefix": null,
            "owner_id": "120523844784",
            "revoke_rules_on_delete": false,
            "tags": {},
            "timeouts": null,
            "vpc_id": "vpc-0e57d6e8af7b2b868"
          },
          "sensitive_attributes": [],
          "private": "eyJlMmJmYjczMC1lY2FhLTExZTYtOGY4OC0zNDM2M2JjN2M0YzAiOnsiY3JlYXRlIjo2MDAwMDAwMDAwMDAsImRlbGV0ZSI6NjAwMDAwMDAwMDAwfSwic2NoZW1hX3ZlcnNpb24iOiIxIn0=",
          "dependencies": [
            "module.toh.aws_vpc.vpc"
          ]
        }
      ]
    },
    {
      "module": "module.toh",
      "mode": "managed",
      "type": "aws_security_group",
      "name": "sg_service_frontend",
      "provider": "provider[\"registry.terraform.io/hashicorp/aws\"]",
      "instances": [
        {
          "schema_version": 1,
          "attributes": {
            "arn": "arn:aws:ec2:eu-west-3:120523844784:security-group/sg-097afeb474731a7f6",
            "description": "Managed by Terraform",
            "egress": [
              {
                "cidr_blocks": [
                  "0.0.0.0/0"
                ],
                "description": "",
                "from_port": 0,
                "ipv6_cidr_blocks": [],
                "prefix_list_ids": [],
                "protocol": "-1",
                "security_groups": [],
                "self": false,
                "to_port": 0
              }
            ],
            "id": "sg-097afeb474731a7f6",
            "ingress": [
              {
                "cidr_blocks": [
                  "0.0.0.0/0"
                ],
                "description": "",
                "from_port": 80,
                "ipv6_cidr_blocks": [],
                "prefix_list_ids": [],
                "protocol": "tcp",
                "security_groups": [],
                "self": false,
                "to_port": 80
              }
            ],
            "name": "toh-sg-service-frontend",
            "name_prefix": null,
            "owner_id": "120523844784",
            "revoke_rules_on_delete": false,
            "tags": null,
            "timeouts": null,
            "vpc_id": "vpc-0e57d6e8af7b2b868"
          },
          "sensitive_attributes": [],
          "private": "eyJlMmJmYjczMC1lY2FhLTExZTYtOGY4OC0zNDM2M2JjN2M0YzAiOnsiY3JlYXRlIjo2MDAwMDAwMDAwMDAsImRlbGV0ZSI6NjAwMDAwMDAwMDAwfSwic2NoZW1hX3ZlcnNpb24iOiIxIn0=",
          "dependencies": [
            "module.toh.aws_vpc.vpc"
          ]
        }
      ]
    },
    {
      "module": "module.toh",
      "mode": "managed",
      "type": "aws_subnet",
      "name": "vpc_subnet_1",
      "provider": "provider[\"registry.terraform.io/hashicorp/aws\"]",
      "instances": [
        {
          "schema_version": 1,
          "attributes": {
            "arn": "arn:aws:ec2:eu-west-3:120523844784:subnet/subnet-06f6e0ebd1ebd1108",
            "assign_ipv6_address_on_creation": false,
            "availability_zone": "eu-west-3a",
            "availability_zone_id": "euw3-az1",
            "cidr_block": "10.0.1.0/24",
            "id": "subnet-06f6e0ebd1ebd1108",
            "ipv6_cidr_block": "",
            "ipv6_cidr_block_association_id": "",
            "map_public_ip_on_launch": false,
            "outpost_arn": "",
            "owner_id": "120523844784",
            "tags": {
              "Name": "toh-vpc-subnet-1"
            },
            "timeouts": null,
            "vpc_id": "vpc-0e57d6e8af7b2b868"
          },
          "sensitive_attributes": [],
          "private": "eyJlMmJmYjczMC1lY2FhLTExZTYtOGY4OC0zNDM2M2JjN2M0YzAiOnsiY3JlYXRlIjo2MDAwMDAwMDAwMDAsImRlbGV0ZSI6MTIwMDAwMDAwMDAwMH0sInNjaGVtYV92ZXJzaW9uIjoiMSJ9",
          "dependencies": [
            "module.toh.aws_vpc.vpc"
          ]
        }
      ]
    },
    {
      "module": "module.toh",
      "mode": "managed",
      "type": "aws_subnet",
      "name": "vpc_subnet_2",
      "provider": "provider[\"registry.terraform.io/hashicorp/aws\"]",
      "instances": [
        {
          "schema_version": 1,
          "attributes": {
            "arn": "arn:aws:ec2:eu-west-3:120523844784:subnet/subnet-0b7b79cc5d01153c9",
            "assign_ipv6_address_on_creation": false,
            "availability_zone": "eu-west-3b",
            "availability_zone_id": "euw3-az2",
            "cidr_block": "10.0.2.0/24",
            "id": "subnet-0b7b79cc5d01153c9",
            "ipv6_cidr_block": "",
            "ipv6_cidr_block_association_id": "",
            "map_public_ip_on_launch": false,
            "outpost_arn": "",
            "owner_id": "120523844784",
            "tags": {
              "Name": "toh-vpc-subnet-2"
            },
            "timeouts": null,
            "vpc_id": "vpc-0e57d6e8af7b2b868"
          },
          "sensitive_attributes": [],
          "private": "eyJlMmJmYjczMC1lY2FhLTExZTYtOGY4OC0zNDM2M2JjN2M0YzAiOnsiY3JlYXRlIjo2MDAwMDAwMDAwMDAsImRlbGV0ZSI6MTIwMDAwMDAwMDAwMH0sInNjaGVtYV92ZXJzaW9uIjoiMSJ9",
          "dependencies": [
            "module.toh.aws_vpc.vpc"
          ]
        }
      ]
    },
    {
      "module": "module.toh",
      "mode": "managed",
      "type": "aws_vpc",
      "name": "vpc",
      "provider": "provider[\"registry.terraform.io/hashicorp/aws\"]",
      "instances": [
        {
          "schema_version": 1,
          "attributes": {
            "arn": "arn:aws:ec2:eu-west-3:120523844784:vpc/vpc-0e57d6e8af7b2b868",
            "assign_generated_ipv6_cidr_block": false,
            "cidr_block": "10.0.0.0/16",
            "default_network_acl_id": "acl-00d5179853a39aa52",
            "default_route_table_id": "rtb-0b3a12f9b77311167",
            "default_security_group_id": "sg-05623752bb2b76ac9",
            "dhcp_options_id": "dopt-68d92800",
            "enable_classiclink": null,
            "enable_classiclink_dns_support": null,
            "enable_dns_hostnames": true,
            "enable_dns_support": true,
            "id": "vpc-0e57d6e8af7b2b868",
            "instance_tenancy": "default",
            "ipv6_association_id": "",
            "ipv6_cidr_block": "",
            "main_route_table_id": "rtb-0b3a12f9b77311167",
            "owner_id": "120523844784",
            "tags": {
              "Name": "toh-vpc"
            }
          },
          "sensitive_attributes": [],
          "private": "eyJzY2hlbWFfdmVyc2lvbiI6IjEifQ=="
        }
      ]
    }
  ]
}
